
Microsoft Visual Studio Solution File, Format Version 12.00
# Visual Studio Version 17
VisualStudioVersion = 17.0.31903.59
MinimumVisualStudioVersion = 10.0.40219.1
Project("{2150E333-8FDC-42A3-9474-1A3956D46DE8}") = "core", "core", "{A1B2C3D4-0001-0001-0001-000000000001}"
EndProject
Project("{2150E333-8FDC-42A3-9474-1A3956D46DE8}") = "atoms", "atoms", "{A1B2C3D4-0002-0002-0002-000000000002}"
EndProject
Project("{2150E333-8FDC-42A3-9474-1A3956D46DE8}") = "patterns", "patterns", "{A1B2C3D4-0003-0003-0003-000000000003}"
EndProject
Project("{2150E333-8FDC-42A3-9474-1A3956D46DE8}") = "tests", "tests", "{A1B2C3D4-0004-0004-0004-000000000004}"
EndProject
Project("{FAE04EC0-301F-11D3-BF4B-00C04F79EFBC}") = "mostlylucid.ephemeral", "src\mostlylucid.ephemeral\mostlylucid.ephemeral.csproj", "{11111111-1111-1111-1111-111111111111}"
EndProject
Project("{FAE04EC0-301F-11D3-BF4B-00C04F79EFBC}") = "mostlylucid.ephemeral.atoms.fixedwork", "src\mostlylucid.ephemeral.atoms.fixedwork\mostlylucid.ephemeral.atoms.fixedwork.csproj", "{22222222-2222-2222-2222-222222222201}"
EndProject
Project("{FAE04EC0-301F-11D3-BF4B-00C04F79EFBC}") = "mostlylucid.ephemeral.atoms.keyedsequential", "src\mostlylucid.ephemeral.atoms.keyedsequential\mostlylucid.ephemeral.atoms.keyedsequential.csproj", "{22222222-2222-2222-2222-222222222202}"
EndProject
Project("{FAE04EC0-301F-11D3-BF4B-00C04F79EFBC}") = "mostlylucid.ephemeral.atoms.signalaware", "src\mostlylucid.ephemeral.atoms.signalaware\mostlylucid.ephemeral.atoms.signalaware.csproj", "{22222222-2222-2222-2222-222222222203}"
EndProject
Project("{FAE04EC0-301F-11D3-BF4B-00C04F79EFBC}") = "mostlylucid.ephemeral.atoms.batching", "src\mostlylucid.ephemeral.atoms.batching\mostlylucid.ephemeral.atoms.batching.csproj", "{22222222-2222-2222-2222-222222222204}"
EndProject
Project("{FAE04EC0-301F-11D3-BF4B-00C04F79EFBC}") = "mostlylucid.ephemeral.atoms.retry", "src\mostlylucid.ephemeral.atoms.retry\mostlylucid.ephemeral.atoms.retry.csproj", "{22222222-2222-2222-2222-222222222205}"
EndProject
Project("{FAE04EC0-301F-11D3-BF4B-00C04F79EFBC}") = "mostlylucid.ephemeral.patterns.controlledfanout", "src\mostlylucid.ephemeral.patterns.controlledfanout\mostlylucid.ephemeral.patterns.controlledfanout.csproj", "{33333333-3333-3333-3333-333333333301}"
EndProject
Project("{FAE04EC0-301F-11D3-BF4B-00C04F79EFBC}") = "mostlylucid.ephemeral.patterns.reactivefanout", "src\mostlylucid.ephemeral.patterns.reactivefanout\mostlylucid.ephemeral.patterns.reactivefanout.csproj", "{33333333-3333-3333-3333-333333333302}"
EndProject
Project("{FAE04EC0-301F-11D3-BF4B-00C04F79EFBC}") = "mostlylucid.ephemeral.patterns.signalinghttp", "src\mostlylucid.ephemeral.patterns.signalinghttp\mostlylucid.ephemeral.patterns.signalinghttp.csproj", "{33333333-3333-3333-3333-333333333303}"
EndProject
Project("{FAE04EC0-301F-11D3-BF4B-00C04F79EFBC}") = "mostlylucid.ephemeral.patterns.signallogwatcher", "src\mostlylucid.ephemeral.patterns.signallogwatcher\mostlylucid.ephemeral.patterns.signallogwatcher.csproj", "{33333333-3333-3333-3333-333333333304}"
EndProject
Project("{FAE04EC0-301F-11D3-BF4B-00C04F79EFBC}") = "mostlylucid.ephemeral.patterns.anomalydetector", "src\mostlylucid.ephemeral.patterns.anomalydetector\mostlylucid.ephemeral.patterns.anomalydetector.csproj", "{33333333-3333-3333-3333-333333333305}"
EndProject
Project("{FAE04EC0-301F-11D3-BF4B-00C04F79EFBC}") = "mostlylucid.ephemeral.patterns.circuitbreaker", "src\mostlylucid.ephemeral.patterns.circuitbreaker\mostlylucid.ephemeral.patterns.circuitbreaker.csproj", "{33333333-3333-3333-3333-333333333306}"
EndProject
Project("{FAE04EC0-301F-11D3-BF4B-00C04F79EFBC}") = "mostlylucid.ephemeral.patterns.adaptiverate", "src\mostlylucid.ephemeral.patterns.adaptiverate\mostlylucid.ephemeral.patterns.adaptiverate.csproj", "{33333333-3333-3333-3333-333333333307}"
EndProject
Project("{FAE04EC0-301F-11D3-BF4B-00C04F79EFBC}") = "mostlylucid.ephemeral.patterns.telemetry", "src\mostlylucid.ephemeral.patterns.telemetry\mostlylucid.ephemeral.patterns.telemetry.csproj", "{33333333-3333-3333-3333-333333333308}"
EndProject
Project("{FAE04EC0-301F-11D3-BF4B-00C04F79EFBC}") = "mostlylucid.ephemeral.patterns.backpressure", "src\mostlylucid.ephemeral.patterns.backpressure\mostlylucid.ephemeral.patterns.backpressure.csproj", "{33333333-3333-3333-3333-333333333309}"
EndProject
Project("{FAE04EC0-301F-11D3-BF4B-00C04F79EFBC}") = "mostlylucid.ephemeral.patterns.dynamicconcurrency", "src\mostlylucid.ephemeral.patterns.dynamicconcurrency\mostlylucid.ephemeral.patterns.dynamicconcurrency.csproj", "{33333333-3333-3333-3333-333333333310}"
EndProject
Project("{FAE04EC0-301F-11D3-BF4B-00C04F79EFBC}") = "mostlylucid.ephemeral.patterns.signalcoordinatedreads", "src\mostlylucid.ephemeral.patterns.signalcoordinatedreads\mostlylucid.ephemeral.patterns.signalcoordinatedreads.csproj", "{33333333-3333-3333-3333-333333333311}"
EndProject
Project("{FAE04EC0-301F-11D3-BF4B-00C04F79EFBC}") = "mostlylucid.ephemeral.patterns.keyedpriorityfanout", "src\mostlylucid.ephemeral.patterns.keyedpriorityfanout\mostlylucid.ephemeral.patterns.keyedpriorityfanout.csproj", "{33333333-3333-3333-3333-333333333312}"
EndProject
Project("{FAE04EC0-301F-11D3-BF4B-00C04F79EFBC}") = "mostlylucid.ephemeral.patterns.signalreactionshowcase", "src\mostlylucid.ephemeral.patterns.signalreactionshowcase\mostlylucid.ephemeral.patterns.signalreactionshowcase.csproj", "{33333333-3333-3333-3333-333333333313}"
EndProject
Project("{FAE04EC0-301F-11D3-BF4B-00C04F79EFBC}") = "mostlylucid.ephemeral.patterns.longwindowdemo", "src\mostlylucid.ephemeral.patterns.longwindowdemo\mostlylucid.ephemeral.patterns.longwindowdemo.csproj", "{33333333-3333-3333-3333-333333333314}"
EndProject
Project("{FAE04EC0-301F-11D3-BF4B-00C04F79EFBC}") = "mostlylucid.ephemeral.sqlite.singlewriter", "src\mostlylucid.ephemeral.sqlite.singlewriter\mostlylucid.ephemeral.sqlite.singlewriter.csproj", "{66666666-6666-6666-6666-666666666601}"
EndProject
Project("{FAE04EC0-301F-11D3-BF4B-00C04F79EFBC}") = "mostlylucid.ephemeral.complete", "src\mostlylucid.ephemeral.complete\mostlylucid.ephemeral.complete.csproj", "{55555555-5555-5555-5555-555555555501}"
EndProject
Project("{FAE04EC0-301F-11D3-BF4B-00C04F79EFBC}") = "mostlylucid.ephemeral.tests", "tests\mostlylucid.ephemeral.tests\mostlylucid.ephemeral.tests.csproj", "{44444444-4444-4444-4444-444444444401}"
EndProject
Project("{2150E333-8FDC-42A3-9474-1A3956D46DE8}") = "Solution", "Solution", "{F4681EB3-4CDE-4DDD-80D7-38C7C9DB8D54}"
	ProjectSection(SolutionItems) = preProject
		..\.github\workflows\publish-all.yml = ..\.github\workflows\publish-all.yml
		..\.github\workflows\publish-nuget.yml = ..\.github\workflows\publish-nuget.yml
		..\.github\workflows\build.yml = ..\.github\workflows\build.yml
		README.md = README.md
		CLAUDE.md = CLAUDE.md
		Directory.Build.props = Directory.Build.props
		Directory.Build.targets = Directory.Build.targets
		Directory.Packages.props = Directory.Packages.props
	EndProjectSection
EndProject
Project("{FAE04EC0-301F-11D3-BF4B-00C04F79EFBC}") = "mostlylucid.ephemeral.sqlite.singlewriter.tests", "tests\mostlylucid.ephemeral.sqlite.singlewriter.tests\mostlylucid.ephemeral.sqlite.singlewriter.tests.csproj", "{C99C59F0-36FA-4DA3-86F7-5E99B401906A}"
EndProject
Project("{FAE04EC0-301F-11D3-BF4B-00C04F79EFBC}") = "mostlylucid.ephemeral.atoms.slidingcache", "src\mostlylucid.ephemeral.atoms.slidingcache\mostlylucid.ephemeral.atoms.slidingcache.csproj", "{7DBEFAB9-31FB-4507-93AB-FFF1AC6B0C8B}"
EndProject
Project("{FAE04EC0-301F-11D3-BF4B-00C04F79EFBC}") = "mostlylucid.ephemeral.patterns.persistentwindow", "src\mostlylucid.ephemeral.patterns.persistentwindow\mostlylucid.ephemeral.patterns.persistentwindow.csproj", "{10D92370-B012-4191-8738-9783836519E3}"
EndProject
Project("{FAE04EC0-301F-11D3-BF4B-00C04F79EFBC}") = "mostlylucid.ephemeral.attributes", "src\mostlylucid.ephemeral.attributes\mostlylucid.ephemeral.attributes.csproj", "{8C5BB737-36FC-409A-83FE-7041A963AAA5}"
EndProject
Project("{FAE04EC0-301F-11D3-BF4B-00C04F79EFBC}") = "mostlylucid.ephemeral.logging", "src\mostlylucid.ephemeral.logging\mostlylucid.ephemeral.logging.csproj", "{34818C53-2F90-4DB5-8656-8DF83831ADC3}"
EndProject
Project("{2150E333-8FDC-42A3-9474-1A3956D46DE8}") = "extras", "extras", "{2EEA7C31-C98C-442D-AC5B-B9C26EFD94D9}"
EndProject
Project("{FAE04EC0-301F-11D3-BF4B-00C04F79EFBC}") = "mostlylucid.ephemeral.atoms.data", "src\mostlylucid.ephemeral.atoms.data\mostlylucid.ephemeral.atoms.data.csproj", "{9491E6A1-1E6C-41EF-A97E-4527A3DD4B6E}"
EndProject
Project("{FAE04EC0-301F-11D3-BF4B-00C04F79EFBC}") = "mostlylucid.ephemeral.atoms.data.file", "src\mostlylucid.ephemeral.atoms.data.file\mostlylucid.ephemeral.atoms.data.file.csproj", "{A694406C-DA62-4864-8564-1C39E2DBAA69}"
EndProject
Project("{FAE04EC0-301F-11D3-BF4B-00C04F79EFBC}") = "mostlylucid.ephemeral.atoms.data.sqlite", "src\mostlylucid.ephemeral.atoms.data.sqlite\mostlylucid.ephemeral.atoms.data.sqlite.csproj", "{6F73183B-C7F1-4AA3-AAA5-7C9588E505BC}"
EndProject
Project("{FAE04EC0-301F-11D3-BF4B-00C04F79EFBC}") = "mostlylucid.ephemeral.atoms.data.postgres", "src\mostlylucid.ephemeral.atoms.data.postgres\mostlylucid.ephemeral.atoms.data.postgres.csproj", "{EB890EE9-8200-47E8-9B16-4FC07FA025C6}"
EndProject
Project("{FAE04EC0-301F-11D3-BF4B-00C04F79EFBC}") = "mostlylucid.ephemeral.atoms.echo", "src\mostlylucid.ephemeral.atoms.echo\mostlylucid.ephemeral.atoms.echo.csproj", "{5E2B8FBA-65D8-47B2-B64C-DA6B5B2D9DF8}"
EndProject
Project("{FAE04EC0-301F-11D3-BF4B-00C04F79EFBC}") = "mostlylucid.ephemeral.atoms.molecules", "src\mostlylucid.ephemeral.atoms.molecules\mostlylucid.ephemeral.atoms.molecules.csproj", "{F0A650F7-6BF0-464A-80C9-3CA9BF2C4059}"
EndProject
Project("{FAE04EC0-301F-11D3-BF4B-00C04F79EFBC}") = "mostlylucid.ephemeral.atoms.scheduledtasks", "src\mostlylucid.ephemeral.atoms.scheduledtasks\mostlylucid.ephemeral.atoms.scheduledtasks.csproj", "{08309385-8850-42D1-A657-7478A2805B0F}"
EndProject
Project("{2150E333-8FDC-42A3-9474-1A3956D46DE8}") = "atoms.data", "atoms.data", "{D549AAE1-90A9-4697-A28A-58ADE1BD4987}"
EndProject
Project("{FAE04EC0-301F-11D3-BF4B-00C04F79EFBC}") = "mostlylucid.ephemeral.atoms.ratelimit", "src\mostlylucid.ephemeral.atoms.ratelimit\mostlylucid.ephemeral.atoms.ratelimit.csproj", "{94431BDA-8EF7-4F7A-B341-A81981F827A8}"
EndProject
Project("{FAE04EC0-301F-11D3-BF4B-00C04F79EFBC}") = "mostlylucid.ephemeral.atoms.windowsize", "src\mostlylucid.ephemeral.atoms.windowsize\mostlylucid.ephemeral.atoms.windowsize.csproj", "{F164C82C-B0D8-408A-B805-434A237B19E1}"
EndProject
Project("{FAE04EC0-301F-11D3-BF4B-00C04F79EFBC}") = "mostlylucid.ephemeral.atoms.volatile", "src\mostlylucid.ephemeral.atoms.volatile\mostlylucid.ephemeral.atoms.volatile.csproj", "{6A648482-3064-4581-8D67-BA7078D50E85}"
EndProject
Project("{FAE04EC0-301F-11D3-BF4B-00C04F79EFBC}") = "mostlylucid.ephemeral.atoms.escalator", "src\mostlylucid.ephemeral.atoms.escalator\mostlylucid.ephemeral.atoms.escalator.csproj", "{ACB889A0-C758-4A8E-ADBE-D7B04D6F30D0}"
EndProject
Project("{FAE04EC0-301F-11D3-BF4B-00C04F79EFBC}") = "mostlylucid.ephemeral.atoms.taxonomy", "src\mostlylucid.ephemeral.atoms.taxonomy\mostlylucid.ephemeral.atoms.taxonomy.csproj", "{8BF9048C-2953-44FA-9F83-55EEA519538A}"
EndProject
Project("{2150E333-8FDC-42A3-9474-1A3956D46DE8}") = "demos", "demos", "{FA8A28C8-4B59-8028-2ACF-626D05B08DB7}"
EndProject
Project("{FAE04EC0-301F-11D3-BF4B-00C04F79EFBC}") = "mostlylucid.ephemeral.demo", "demos\mostlylucid.ephemeral.demo\mostlylucid.ephemeral.demo.csproj", "{17AA4F90-1225-4729-ADF2-5B3B7BF92D2B}"
EndProject
Project("{2150E333-8FDC-42A3-9474-1A3956D46DE8}") = "src", "src", "{827E0CD3-B72D-47B6-A68D-7590B98EB39B}"
EndProject
Project("{FAE04EC0-301F-11D3-BF4B-00C04F79EFBC}") = "mostlylucid.ephemeral.atoms.imagesharp", "src\mostlylucid.ephemeral.atoms.imagesharp\mostlylucid.ephemeral.atoms.imagesharp.csproj", "{C8CCDC99-F59B-4AA3-8E2F-123D2B29FE83}"
EndProject
Project("{2150E333-8FDC-42A3-9474-1A3956D46DE8}") = "docs", "docs", "{4F2F92C7-A020-41B5-9DA4-F4015277E540}"
	ProjectSection(SolutionItems) = preProject
		docs\Correlation-Architecture.md = docs\Correlation-Architecture.md
		docs\Services.md = docs\Services.md
		docs\SignalSink-Lifetime.md = docs\SignalSink-Lifetime.md
		docs\Taxonomy.md = docs\Taxonomy.md
	EndProjectSection
EndProject
Project("{FAE04EC0-301F-11D3-BF4B-00C04F79EFBC}") = "mostlylucid.ephemeral.atoms.priorityprocessor", "src\mostlylucid.ephemeral.atoms.priorityprocessor\mostlylucid.ephemeral.atoms.priorityprocessor.csproj", "{CA16AB00-411D-411C-9E97-0C048A8EB0A0}"
EndProject
Project("{FAE04EC0-301F-11D3-BF4B-00C04F79EFBC}") = "mostlylucid.ephemeral.atoms.waveorchestrator", "src\mostlylucid.ephemeral.atoms.waveorchestrator\mostlylucid.ephemeral.atoms.waveorchestrator.csproj", "{958433EB-2F4F-4FD1-9698-9BDD6F01BFA0}"
EndProject
Project("{FAE04EC0-301F-11D3-BF4B-00C04F79EFBC}") = "mostlylucid.ephemeral.atoms.timeseriesanomaly", "src\mostlylucid.ephemeral.atoms.timeseriesanomaly\mostlylucid.ephemeral.atoms.timeseriesanomaly.csproj", "{7B1FD8BE-BE71-4B55-9AFF-A93FDFB6EF50}"
EndProject
Project("{FAE04EC0-301F-11D3-BF4B-00C04F79EFBC}") = "mostlylucid.ephemeral.atoms.burstdetection", "src\mostlylucid.ephemeral.atoms.burstdetection\mostlylucid.ephemeral.atoms.burstdetection.csproj", "{E18A4871-7D72-472B-96DF-C0185CBB150F}"
EndProject
Project("{FAE04EC0-301F-11D3-BF4B-00C04F79EFBC}") = "mostlylucid.ephemeral.atoms.smtp", "src\mostlylucid.ephemeral.atoms.smtp\mostlylucid.ephemeral.atoms.smtp.csproj", "{2BC1AFF2-2E8C-49D9-9FD5-C36939D0350F}"
EndProject
Project("{FAE04EC0-301F-11D3-BF4B-00C04F79EFBC}") = "mostlylucid.ephemeral.atoms.razortemplate", "src\mostlylucid.ephemeral.atoms.razortemplate\mostlylucid.ephemeral.atoms.razortemplate.csproj", "{58352584-C599-490C-AE4E-F3AD538F1A06}"
EndProject
Project("{FAE04EC0-301F-11D3-BF4B-00C04F79EFBC}") = "mostlylucid.ephemeral.atoms.entropyanalysis", "src\mostlylucid.ephemeral.atoms.entropyanalysis\mostlylucid.ephemeral.atoms.entropyanalysis.csproj", "{DEFA5F05-4D7F-434B-98C6-1210F7A5443C}"
EndProject
Project("{FAE04EC0-301F-11D3-BF4B-00C04F79EFBC}") = "mostlylucid.ephemeral.atoms.taxonomy.sensor", "src\mostlylucid.ephemeral.atoms.taxonomy.sensor\mostlylucid.ephemeral.atoms.taxonomy.sensor.csproj", "{AAADC42B-14D0-47F5-9B55-171BFE045849}"
EndProject
Project("{FAE04EC0-301F-11D3-BF4B-00C04F79EFBC}") = "mostlylucid.ephemeral.atoms.taxonomy.extractor", "src\mostlylucid.ephemeral.atoms.taxonomy.extractor\mostlylucid.ephemeral.atoms.taxonomy.extractor.csproj", "{973CCA37-9191-49AC-BF2F-E07D1FD5FE86}"
EndProject
Project("{FAE04EC0-301F-11D3-BF4B-00C04F79EFBC}") = "mostlylucid.ephemeral.atoms.taxonomy.embedder", "src\mostlylucid.ephemeral.atoms.taxonomy.embedder\mostlylucid.ephemeral.atoms.taxonomy.embedder.csproj", "{46D57930-BC49-4379-9B47-0DB90D081689}"
EndProject
Project("{FAE04EC0-301F-11D3-BF4B-00C04F79EFBC}") = "mostlylucid.ephemeral.atoms.taxonomy.retriever", "src\mostlylucid.ephemeral.atoms.taxonomy.retriever\mostlylucid.ephemeral.atoms.taxonomy.retriever.csproj", "{B7C6FB46-A749-45AB-8722-371F6957C10B}"
EndProject
Project("{FAE04EC0-301F-11D3-BF4B-00C04F79EFBC}") = "mostlylucid.ephemeral.atoms.taxonomy.proposer", "src\mostlylucid.ephemeral.atoms.taxonomy.proposer\mostlylucid.ephemeral.atoms.taxonomy.proposer.csproj", "{3BDB42B0-9DBD-4F34-9769-6740E2FA5AA9}"
EndProject
Project("{FAE04EC0-301F-11D3-BF4B-00C04F79EFBC}") = "mostlylucid.ephemeral.atoms.taxonomy.constrainer", "src\mostlylucid.ephemeral.atoms.taxonomy.constrainer\mostlylucid.ephemeral.atoms.taxonomy.constrainer.csproj", "{58745747-4126-4C1F-B950-8B9682D33308}"
EndProject
Project("{FAE04EC0-301F-11D3-BF4B-00C04F79EFBC}") = "mostlylucid.ephemeral.atoms.taxonomy.ranker", "src\mostlylucid.ephemeral.atoms.taxonomy.ranker\mostlylucid.ephemeral.atoms.taxonomy.ranker.csproj", "{25D173C7-F4DD-407E-B6D5-3CF9610D1573}"
EndProject
Project("{FAE04EC0-301F-11D3-BF4B-00C04F79EFBC}") = "mostlylucid.ephemeral.atoms.taxonomy.renderer", "src\mostlylucid.ephemeral.atoms.taxonomy.renderer\mostlylucid.ephemeral.atoms.taxonomy.renderer.csproj", "{4C612CA9-DF66-4AD2-9C1F-8C8964A803E5}"
EndProject
Project("{FAE04EC0-301F-11D3-BF4B-00C04F79EFBC}") = "mostlylucid.ephemeral.atoms.taxonomy.coordinator", "src\mostlylucid.ephemeral.atoms.taxonomy.coordinator\mostlylucid.ephemeral.atoms.taxonomy.coordinator.csproj", "{4764B6F4-969E-4788-A76B-CEC9A1820935}"
EndProject
Project("{FAE04EC0-301F-11D3-BF4B-00C04F79EFBC}") = "mostlylucid.ephemeral.atoms.taxonomy.feedback", "src\mostlylucid.ephemeral.atoms.taxonomy.feedback\mostlylucid.ephemeral.atoms.taxonomy.feedback.csproj", "{7AA776FE-58E1-42BE-BB29-9CBD081AA3C4}"
EndProject
Project("{FAE04EC0-301F-11D3-BF4B-00C04F79EFBC}") = "mostlylucid.ephemeral.atoms.taxonomy.guard", "src\mostlylucid.ephemeral.atoms.taxonomy.guard\mostlylucid.ephemeral.atoms.taxonomy.guard.csproj", "{DF737416-43D9-48A3-B9FC-F6B87AEBC082}"
EndProject
Project("{FAE04EC0-301F-11D3-BF4B-00C04F79EFBC}") = "mostlylucid.ephemeral.atoms.taxonomy.constrainer.tests", "tests\mostlylucid.ephemeral.atoms.taxonomy.constrainer.tests\mostlylucid.ephemeral.atoms.taxonomy.constrainer.tests.csproj", "{8857F05B-EA67-454B-97CC-9FD8DA33102C}"
EndProject
Project("{FAE04EC0-301F-11D3-BF4B-00C04F79EFBC}") = "mostlylucid.ephemeral.atoms.taxonomy.coordinator.tests", "tests\mostlylucid.ephemeral.atoms.taxonomy.coordinator.tests\mostlylucid.ephemeral.atoms.taxonomy.coordinator.tests.csproj", "{4CA685E6-174F-44CD-BF7C-B86883F3D879}"
EndProject
Project("{FAE04EC0-301F-11D3-BF4B-00C04F79EFBC}") = "mostlylucid.ephemeral.atoms.taxonomy.embedder.tests", "tests\mostlylucid.ephemeral.atoms.taxonomy.embedder.tests\mostlylucid.ephemeral.atoms.taxonomy.embedder.tests.csproj", "{5CCC045A-E45A-4845-B891-E7459CCD85BB}"
EndProject
Project("{FAE04EC0-301F-11D3-BF4B-00C04F79EFBC}") = "mostlylucid.ephemeral.atoms.taxonomy.extractor.tests", "tests\mostlylucid.ephemeral.atoms.taxonomy.extractor.tests\mostlylucid.ephemeral.atoms.taxonomy.extractor.tests.csproj", "{7E761BBE-2A67-4773-8CF1-15A56BC63113}"
EndProject
Project("{FAE04EC0-301F-11D3-BF4B-00C04F79EFBC}") = "mostlylucid.ephemeral.atoms.taxonomy.feedback.tests", "tests\mostlylucid.ephemeral.atoms.taxonomy.feedback.tests\mostlylucid.ephemeral.atoms.taxonomy.feedback.tests.csproj", "{6D1AA76E-42C9-45AF-8D67-2BDF4D511B88}"
EndProject
Project("{FAE04EC0-301F-11D3-BF4B-00C04F79EFBC}") = "mostlylucid.ephemeral.atoms.taxonomy.guard.tests", "tests\mostlylucid.ephemeral.atoms.taxonomy.guard.tests\mostlylucid.ephemeral.atoms.taxonomy.guard.tests.csproj", "{39BC54B3-0244-4BA6-BD79-45A587BE81AC}"
EndProject
Project("{FAE04EC0-301F-11D3-BF4B-00C04F79EFBC}") = "mostlylucid.ephemeral.atoms.taxonomy.proposer.tests", "tests\mostlylucid.ephemeral.atoms.taxonomy.proposer.tests\mostlylucid.ephemeral.atoms.taxonomy.proposer.tests.csproj", "{9B243D34-9A3F-4C55-AA79-66197A2B6851}"
EndProject
Project("{FAE04EC0-301F-11D3-BF4B-00C04F79EFBC}") = "mostlylucid.ephemeral.atoms.taxonomy.ranker.tests", "tests\mostlylucid.ephemeral.atoms.taxonomy.ranker.tests\mostlylucid.ephemeral.atoms.taxonomy.ranker.tests.csproj", "{4780C976-7ECC-43A6-B6E2-AF85EB96473B}"
EndProject
Project("{FAE04EC0-301F-11D3-BF4B-00C04F79EFBC}") = "mostlylucid.ephemeral.atoms.taxonomy.renderer.tests", "tests\mostlylucid.ephemeral.atoms.taxonomy.renderer.tests\mostlylucid.ephemeral.atoms.taxonomy.renderer.tests.csproj", "{FA536132-2632-4FB7-89B1-353459AC2DFB}"
EndProject
Project("{FAE04EC0-301F-11D3-BF4B-00C04F79EFBC}") = "mostlylucid.ephemeral.atoms.taxonomy.retriever.tests", "tests\mostlylucid.ephemeral.atoms.taxonomy.retriever.tests\mostlylucid.ephemeral.atoms.taxonomy.retriever.tests.csproj", "{CE9FF13B-8AE0-4383-A066-04186606EABD}"
EndProject
Project("{FAE04EC0-301F-11D3-BF4B-00C04F79EFBC}") = "mostlylucid.ephemeral.atoms.taxonomy.sensor.tests", "tests\mostlylucid.ephemeral.atoms.taxonomy.sensor.tests\mostlylucid.ephemeral.atoms.taxonomy.sensor.tests.csproj", "{3595273C-DDE9-420E-82B2-D31FF01A6C11}"
EndProject
Project("{FAE04EC0-301F-11D3-BF4B-00C04F79EFBC}") = "mostlylucid.ephemeral.atoms.taxonomy.tests", "tests\mostlylucid.ephemeral.atoms.taxonomy.tests\mostlylucid.ephemeral.atoms.taxonomy.tests.csproj", "{BBBF3CC4-61EA-4B0E-BA00-AD1B01AB8952}"
EndProject
Project("{FAE04EC0-301F-11D3-BF4B-00C04F79EFBC}") = "mostlylucid.ephemeral.atoms.escalator.tests", "tests\mostlylucid.ephemeral.atoms.escalator.tests\mostlylucid.ephemeral.atoms.escalator.tests.csproj", "{5B55EEDE-C91A-40B3-87F4-DDF9D45EC4FA}"
EndProject
Project("{FAE04EC0-301F-11D3-BF4B-00C04F79EFBC}") = "mostlylucid.ephemeral.atoms.smtp.tests", "tests\mostlylucid.ephemeral.atoms.smtp.tests\mostlylucid.ephemeral.atoms.smtp.tests.csproj", "{9F204BFB-9B32-4E0F-ABCF-2C9B7C6FB7A1}"
EndProject
Global
	GlobalSection(SolutionConfigurationPlatforms) = preSolution
		Debug|Any CPU = Debug|Any CPU
		Debug|x64 = Debug|x64
		Debug|x86 = Debug|x86
		Release|Any CPU = Release|Any CPU
		Release|x64 = Release|x64
		Release|x86 = Release|x86
	EndGlobalSection
	GlobalSection(ProjectConfigurationPlatforms) = postSolution
		{11111111-1111-1111-1111-111111111111}.Debug|Any CPU.ActiveCfg = Debug|Any CPU
		{11111111-1111-1111-1111-111111111111}.Debug|Any CPU.Build.0 = Debug|Any CPU
		{11111111-1111-1111-1111-111111111111}.Debug|x64.ActiveCfg = Debug|Any CPU
		{11111111-1111-1111-1111-111111111111}.Debug|x64.Build.0 = Debug|Any CPU
		{11111111-1111-1111-1111-111111111111}.Debug|x86.ActiveCfg = Debug|Any CPU
		{11111111-1111-1111-1111-111111111111}.Debug|x86.Build.0 = Debug|Any CPU
		{11111111-1111-1111-1111-111111111111}.Release|Any CPU.ActiveCfg = Release|Any CPU
		{11111111-1111-1111-1111-111111111111}.Release|Any CPU.Build.0 = Release|Any CPU
		{11111111-1111-1111-1111-111111111111}.Release|x64.ActiveCfg = Release|Any CPU
		{11111111-1111-1111-1111-111111111111}.Release|x64.Build.0 = Release|Any CPU
		{11111111-1111-1111-1111-111111111111}.Release|x86.ActiveCfg = Release|Any CPU
		{11111111-1111-1111-1111-111111111111}.Release|x86.Build.0 = Release|Any CPU
		{22222222-2222-2222-2222-222222222201}.Debug|Any CPU.ActiveCfg = Debug|Any CPU
		{22222222-2222-2222-2222-222222222201}.Debug|Any CPU.Build.0 = Debug|Any CPU
		{22222222-2222-2222-2222-222222222201}.Debug|x64.ActiveCfg = Debug|Any CPU
		{22222222-2222-2222-2222-222222222201}.Debug|x64.Build.0 = Debug|Any CPU
		{22222222-2222-2222-2222-222222222201}.Debug|x86.ActiveCfg = Debug|Any CPU
		{22222222-2222-2222-2222-222222222201}.Debug|x86.Build.0 = Debug|Any CPU
		{22222222-2222-2222-2222-222222222201}.Release|Any CPU.ActiveCfg = Release|Any CPU
		{22222222-2222-2222-2222-222222222201}.Release|Any CPU.Build.0 = Release|Any CPU
		{22222222-2222-2222-2222-222222222201}.Release|x64.ActiveCfg = Release|Any CPU
		{22222222-2222-2222-2222-222222222201}.Release|x64.Build.0 = Release|Any CPU
		{22222222-2222-2222-2222-222222222201}.Release|x86.ActiveCfg = Release|Any CPU
		{22222222-2222-2222-2222-222222222201}.Release|x86.Build.0 = Release|Any CPU
		{22222222-2222-2222-2222-222222222202}.Debug|Any CPU.ActiveCfg = Debug|Any CPU
		{22222222-2222-2222-2222-222222222202}.Debug|Any CPU.Build.0 = Debug|Any CPU
		{22222222-2222-2222-2222-222222222202}.Debug|x64.ActiveCfg = Debug|Any CPU
		{22222222-2222-2222-2222-222222222202}.Debug|x64.Build.0 = Debug|Any CPU
		{22222222-2222-2222-2222-222222222202}.Debug|x86.ActiveCfg = Debug|Any CPU
		{22222222-2222-2222-2222-222222222202}.Debug|x86.Build.0 = Debug|Any CPU
		{22222222-2222-2222-2222-222222222202}.Release|Any CPU.ActiveCfg = Release|Any CPU
		{22222222-2222-2222-2222-222222222202}.Release|Any CPU.Build.0 = Release|Any CPU
		{22222222-2222-2222-2222-222222222202}.Release|x64.ActiveCfg = Release|Any CPU
		{22222222-2222-2222-2222-222222222202}.Release|x64.Build.0 = Release|Any CPU
		{22222222-2222-2222-2222-222222222202}.Release|x86.ActiveCfg = Release|Any CPU
		{22222222-2222-2222-2222-222222222202}.Release|x86.Build.0 = Release|Any CPU
		{22222222-2222-2222-2222-222222222203}.Debug|Any CPU.ActiveCfg = Debug|Any CPU
		{22222222-2222-2222-2222-222222222203}.Debug|Any CPU.Build.0 = Debug|Any CPU
		{22222222-2222-2222-2222-222222222203}.Debug|x64.ActiveCfg = Debug|Any CPU
		{22222222-2222-2222-2222-222222222203}.Debug|x64.Build.0 = Debug|Any CPU
		{22222222-2222-2222-2222-222222222203}.Debug|x86.ActiveCfg = Debug|Any CPU
		{22222222-2222-2222-2222-222222222203}.Debug|x86.Build.0 = Debug|Any CPU
		{22222222-2222-2222-2222-222222222203}.Release|Any CPU.ActiveCfg = Release|Any CPU
		{22222222-2222-2222-2222-222222222203}.Release|Any CPU.Build.0 = Release|Any CPU
		{22222222-2222-2222-2222-222222222203}.Release|x64.ActiveCfg = Release|Any CPU
		{22222222-2222-2222-2222-222222222203}.Release|x64.Build.0 = Release|Any CPU
		{22222222-2222-2222-2222-222222222203}.Release|x86.ActiveCfg = Release|Any CPU
		{22222222-2222-2222-2222-222222222203}.Release|x86.Build.0 = Release|Any CPU
		{22222222-2222-2222-2222-222222222204}.Debug|Any CPU.ActiveCfg = Debug|Any CPU
		{22222222-2222-2222-2222-222222222204}.Debug|Any CPU.Build.0 = Debug|Any CPU
		{22222222-2222-2222-2222-222222222204}.Debug|x64.ActiveCfg = Debug|Any CPU
		{22222222-2222-2222-2222-222222222204}.Debug|x64.Build.0 = Debug|Any CPU
		{22222222-2222-2222-2222-222222222204}.Debug|x86.ActiveCfg = Debug|Any CPU
		{22222222-2222-2222-2222-222222222204}.Debug|x86.Build.0 = Debug|Any CPU
		{22222222-2222-2222-2222-222222222204}.Release|Any CPU.ActiveCfg = Release|Any CPU
		{22222222-2222-2222-2222-222222222204}.Release|Any CPU.Build.0 = Release|Any CPU
		{22222222-2222-2222-2222-222222222204}.Release|x64.ActiveCfg = Release|Any CPU
		{22222222-2222-2222-2222-222222222204}.Release|x64.Build.0 = Release|Any CPU
		{22222222-2222-2222-2222-222222222204}.Release|x86.ActiveCfg = Release|Any CPU
		{22222222-2222-2222-2222-222222222204}.Release|x86.Build.0 = Release|Any CPU
		{22222222-2222-2222-2222-222222222205}.Debug|Any CPU.ActiveCfg = Debug|Any CPU
		{22222222-2222-2222-2222-222222222205}.Debug|Any CPU.Build.0 = Debug|Any CPU
		{22222222-2222-2222-2222-222222222205}.Debug|x64.ActiveCfg = Debug|Any CPU
		{22222222-2222-2222-2222-222222222205}.Debug|x64.Build.0 = Debug|Any CPU
		{22222222-2222-2222-2222-222222222205}.Debug|x86.ActiveCfg = Debug|Any CPU
		{22222222-2222-2222-2222-222222222205}.Debug|x86.Build.0 = Debug|Any CPU
		{22222222-2222-2222-2222-222222222205}.Release|Any CPU.ActiveCfg = Release|Any CPU
		{22222222-2222-2222-2222-222222222205}.Release|Any CPU.Build.0 = Release|Any CPU
		{22222222-2222-2222-2222-222222222205}.Release|x64.ActiveCfg = Release|Any CPU
		{22222222-2222-2222-2222-222222222205}.Release|x64.Build.0 = Release|Any CPU
		{22222222-2222-2222-2222-222222222205}.Release|x86.ActiveCfg = Release|Any CPU
		{22222222-2222-2222-2222-222222222205}.Release|x86.Build.0 = Release|Any CPU
		{33333333-3333-3333-3333-333333333301}.Debug|Any CPU.ActiveCfg = Debug|Any CPU
		{33333333-3333-3333-3333-333333333301}.Debug|Any CPU.Build.0 = Debug|Any CPU
		{33333333-3333-3333-3333-333333333301}.Debug|x64.ActiveCfg = Debug|Any CPU
		{33333333-3333-3333-3333-333333333301}.Debug|x64.Build.0 = Debug|Any CPU
		{33333333-3333-3333-3333-333333333301}.Debug|x86.ActiveCfg = Debug|Any CPU
		{33333333-3333-3333-3333-333333333301}.Debug|x86.Build.0 = Debug|Any CPU
		{33333333-3333-3333-3333-333333333301}.Release|Any CPU.ActiveCfg = Release|Any CPU
		{33333333-3333-3333-3333-333333333301}.Release|Any CPU.Build.0 = Release|Any CPU
		{33333333-3333-3333-3333-333333333301}.Release|x64.ActiveCfg = Release|Any CPU
		{33333333-3333-3333-3333-333333333301}.Release|x64.Build.0 = Release|Any CPU
		{33333333-3333-3333-3333-333333333301}.Release|x86.ActiveCfg = Release|Any CPU
		{33333333-3333-3333-3333-333333333301}.Release|x86.Build.0 = Release|Any CPU
		{33333333-3333-3333-3333-333333333302}.Debug|Any CPU.ActiveCfg = Debug|Any CPU
		{33333333-3333-3333-3333-333333333302}.Debug|Any CPU.Build.0 = Debug|Any CPU
		{33333333-3333-3333-3333-333333333302}.Debug|x64.ActiveCfg = Debug|Any CPU
		{33333333-3333-3333-3333-333333333302}.Debug|x64.Build.0 = Debug|Any CPU
		{33333333-3333-3333-3333-333333333302}.Debug|x86.ActiveCfg = Debug|Any CPU
		{33333333-3333-3333-3333-333333333302}.Debug|x86.Build.0 = Debug|Any CPU
		{33333333-3333-3333-3333-333333333302}.Release|Any CPU.ActiveCfg = Release|Any CPU
		{33333333-3333-3333-3333-333333333302}.Release|Any CPU.Build.0 = Release|Any CPU
		{33333333-3333-3333-3333-333333333302}.Release|x64.ActiveCfg = Release|Any CPU
		{33333333-3333-3333-3333-333333333302}.Release|x64.Build.0 = Release|Any CPU
		{33333333-3333-3333-3333-333333333302}.Release|x86.ActiveCfg = Release|Any CPU
		{33333333-3333-3333-3333-333333333302}.Release|x86.Build.0 = Release|Any CPU
		{33333333-3333-3333-3333-333333333303}.Debug|Any CPU.ActiveCfg = Debug|Any CPU
		{33333333-3333-3333-3333-333333333303}.Debug|Any CPU.Build.0 = Debug|Any CPU
		{33333333-3333-3333-3333-333333333303}.Debug|x64.ActiveCfg = Debug|Any CPU
		{33333333-3333-3333-3333-333333333303}.Debug|x64.Build.0 = Debug|Any CPU
		{33333333-3333-3333-3333-333333333303}.Debug|x86.ActiveCfg = Debug|Any CPU
		{33333333-3333-3333-3333-333333333303}.Debug|x86.Build.0 = Debug|Any CPU
		{33333333-3333-3333-3333-333333333303}.Release|Any CPU.ActiveCfg = Release|Any CPU
		{33333333-3333-3333-3333-333333333303}.Release|Any CPU.Build.0 = Release|Any CPU
		{33333333-3333-3333-3333-333333333303}.Release|x64.ActiveCfg = Release|Any CPU
		{33333333-3333-3333-3333-333333333303}.Release|x64.Build.0 = Release|Any CPU
		{33333333-3333-3333-3333-333333333303}.Release|x86.ActiveCfg = Release|Any CPU
		{33333333-3333-3333-3333-333333333303}.Release|x86.Build.0 = Release|Any CPU
		{33333333-3333-3333-3333-333333333304}.Debug|Any CPU.ActiveCfg = Debug|Any CPU
		{33333333-3333-3333-3333-333333333304}.Debug|Any CPU.Build.0 = Debug|Any CPU
		{33333333-3333-3333-3333-333333333304}.Debug|x64.ActiveCfg = Debug|Any CPU
		{33333333-3333-3333-3333-333333333304}.Debug|x64.Build.0 = Debug|Any CPU
		{33333333-3333-3333-3333-333333333304}.Debug|x86.ActiveCfg = Debug|Any CPU
		{33333333-3333-3333-3333-333333333304}.Debug|x86.Build.0 = Debug|Any CPU
		{33333333-3333-3333-3333-333333333304}.Release|Any CPU.ActiveCfg = Release|Any CPU
		{33333333-3333-3333-3333-333333333304}.Release|Any CPU.Build.0 = Release|Any CPU
		{33333333-3333-3333-3333-333333333304}.Release|x64.ActiveCfg = Release|Any CPU
		{33333333-3333-3333-3333-333333333304}.Release|x64.Build.0 = Release|Any CPU
		{33333333-3333-3333-3333-333333333304}.Release|x86.ActiveCfg = Release|Any CPU
		{33333333-3333-3333-3333-333333333304}.Release|x86.Build.0 = Release|Any CPU
		{33333333-3333-3333-3333-333333333305}.Debug|Any CPU.ActiveCfg = Debug|Any CPU
		{33333333-3333-3333-3333-333333333305}.Debug|Any CPU.Build.0 = Debug|Any CPU
		{33333333-3333-3333-3333-333333333305}.Debug|x64.ActiveCfg = Debug|Any CPU
		{33333333-3333-3333-3333-333333333305}.Debug|x64.Build.0 = Debug|Any CPU
		{33333333-3333-3333-3333-333333333305}.Debug|x86.ActiveCfg = Debug|Any CPU
		{33333333-3333-3333-3333-333333333305}.Debug|x86.Build.0 = Debug|Any CPU
		{33333333-3333-3333-3333-333333333305}.Release|Any CPU.ActiveCfg = Release|Any CPU
		{33333333-3333-3333-3333-333333333305}.Release|Any CPU.Build.0 = Release|Any CPU
		{33333333-3333-3333-3333-333333333305}.Release|x64.ActiveCfg = Release|Any CPU
		{33333333-3333-3333-3333-333333333305}.Release|x64.Build.0 = Release|Any CPU
		{33333333-3333-3333-3333-333333333305}.Release|x86.ActiveCfg = Release|Any CPU
		{33333333-3333-3333-3333-333333333305}.Release|x86.Build.0 = Release|Any CPU
		{33333333-3333-3333-3333-333333333306}.Debug|Any CPU.ActiveCfg = Debug|Any CPU
		{33333333-3333-3333-3333-333333333306}.Debug|Any CPU.Build.0 = Debug|Any CPU
		{33333333-3333-3333-3333-333333333306}.Debug|x64.ActiveCfg = Debug|Any CPU
		{33333333-3333-3333-3333-333333333306}.Debug|x64.Build.0 = Debug|Any CPU
		{33333333-3333-3333-3333-333333333306}.Debug|x86.ActiveCfg = Debug|Any CPU
		{33333333-3333-3333-3333-333333333306}.Debug|x86.Build.0 = Debug|Any CPU
		{33333333-3333-3333-3333-333333333306}.Release|Any CPU.ActiveCfg = Release|Any CPU
		{33333333-3333-3333-3333-333333333306}.Release|Any CPU.Build.0 = Release|Any CPU
		{33333333-3333-3333-3333-333333333306}.Release|x64.ActiveCfg = Release|Any CPU
		{33333333-3333-3333-3333-333333333306}.Release|x64.Build.0 = Release|Any CPU
		{33333333-3333-3333-3333-333333333306}.Release|x86.ActiveCfg = Release|Any CPU
		{33333333-3333-3333-3333-333333333306}.Release|x86.Build.0 = Release|Any CPU
		{33333333-3333-3333-3333-333333333307}.Debug|Any CPU.ActiveCfg = Debug|Any CPU
		{33333333-3333-3333-3333-333333333307}.Debug|Any CPU.Build.0 = Debug|Any CPU
		{33333333-3333-3333-3333-333333333307}.Debug|x64.ActiveCfg = Debug|Any CPU
		{33333333-3333-3333-3333-333333333307}.Debug|x64.Build.0 = Debug|Any CPU
		{33333333-3333-3333-3333-333333333307}.Debug|x86.ActiveCfg = Debug|Any CPU
		{33333333-3333-3333-3333-333333333307}.Debug|x86.Build.0 = Debug|Any CPU
		{33333333-3333-3333-3333-333333333307}.Release|Any CPU.ActiveCfg = Release|Any CPU
		{33333333-3333-3333-3333-333333333307}.Release|Any CPU.Build.0 = Release|Any CPU
		{33333333-3333-3333-3333-333333333307}.Release|x64.ActiveCfg = Release|Any CPU
		{33333333-3333-3333-3333-333333333307}.Release|x64.Build.0 = Release|Any CPU
		{33333333-3333-3333-3333-333333333307}.Release|x86.ActiveCfg = Release|Any CPU
		{33333333-3333-3333-3333-333333333307}.Release|x86.Build.0 = Release|Any CPU
		{33333333-3333-3333-3333-333333333308}.Debug|Any CPU.ActiveCfg = Debug|Any CPU
		{33333333-3333-3333-3333-333333333308}.Debug|Any CPU.Build.0 = Debug|Any CPU
		{33333333-3333-3333-3333-333333333308}.Debug|x64.ActiveCfg = Debug|Any CPU
		{33333333-3333-3333-3333-333333333308}.Debug|x64.Build.0 = Debug|Any CPU
		{33333333-3333-3333-3333-333333333308}.Debug|x86.ActiveCfg = Debug|Any CPU
		{33333333-3333-3333-3333-333333333308}.Debug|x86.Build.0 = Debug|Any CPU
		{33333333-3333-3333-3333-333333333308}.Release|Any CPU.ActiveCfg = Release|Any CPU
		{33333333-3333-3333-3333-333333333308}.Release|Any CPU.Build.0 = Release|Any CPU
		{33333333-3333-3333-3333-333333333308}.Release|x64.ActiveCfg = Release|Any CPU
		{33333333-3333-3333-3333-333333333308}.Release|x64.Build.0 = Release|Any CPU
		{33333333-3333-3333-3333-333333333308}.Release|x86.ActiveCfg = Release|Any CPU
		{33333333-3333-3333-3333-333333333308}.Release|x86.Build.0 = Release|Any CPU
		{33333333-3333-3333-3333-333333333309}.Debug|Any CPU.ActiveCfg = Debug|Any CPU
		{33333333-3333-3333-3333-333333333309}.Debug|Any CPU.Build.0 = Debug|Any CPU
		{33333333-3333-3333-3333-333333333309}.Debug|x64.ActiveCfg = Debug|Any CPU
		{33333333-3333-3333-3333-333333333309}.Debug|x64.Build.0 = Debug|Any CPU
		{33333333-3333-3333-3333-333333333309}.Debug|x86.ActiveCfg = Debug|Any CPU
		{33333333-3333-3333-3333-333333333309}.Debug|x86.Build.0 = Debug|Any CPU
		{33333333-3333-3333-3333-333333333309}.Release|Any CPU.ActiveCfg = Release|Any CPU
		{33333333-3333-3333-3333-333333333309}.Release|Any CPU.Build.0 = Release|Any CPU
		{33333333-3333-3333-3333-333333333309}.Release|x64.ActiveCfg = Release|Any CPU
		{33333333-3333-3333-3333-333333333309}.Release|x64.Build.0 = Release|Any CPU
		{33333333-3333-3333-3333-333333333309}.Release|x86.ActiveCfg = Release|Any CPU
		{33333333-3333-3333-3333-333333333309}.Release|x86.Build.0 = Release|Any CPU
		{33333333-3333-3333-3333-333333333310}.Debug|Any CPU.ActiveCfg = Debug|Any CPU
		{33333333-3333-3333-3333-333333333310}.Debug|Any CPU.Build.0 = Debug|Any CPU
		{33333333-3333-3333-3333-333333333310}.Debug|x64.ActiveCfg = Debug|Any CPU
		{33333333-3333-3333-3333-333333333310}.Debug|x64.Build.0 = Debug|Any CPU
		{33333333-3333-3333-3333-333333333310}.Debug|x86.ActiveCfg = Debug|Any CPU
		{33333333-3333-3333-3333-333333333310}.Debug|x86.Build.0 = Debug|Any CPU
		{33333333-3333-3333-3333-333333333310}.Release|Any CPU.ActiveCfg = Release|Any CPU
		{33333333-3333-3333-3333-333333333310}.Release|Any CPU.Build.0 = Release|Any CPU
		{33333333-3333-3333-3333-333333333310}.Release|x64.ActiveCfg = Release|Any CPU
		{33333333-3333-3333-3333-333333333310}.Release|x64.Build.0 = Release|Any CPU
		{33333333-3333-3333-3333-333333333310}.Release|x86.ActiveCfg = Release|Any CPU
		{33333333-3333-3333-3333-333333333310}.Release|x86.Build.0 = Release|Any CPU
		{33333333-3333-3333-3333-333333333311}.Debug|Any CPU.ActiveCfg = Debug|Any CPU
		{33333333-3333-3333-3333-333333333311}.Debug|Any CPU.Build.0 = Debug|Any CPU
		{33333333-3333-3333-3333-333333333311}.Debug|x64.ActiveCfg = Debug|Any CPU
		{33333333-3333-3333-3333-333333333311}.Debug|x64.Build.0 = Debug|Any CPU
		{33333333-3333-3333-3333-333333333311}.Debug|x86.ActiveCfg = Debug|Any CPU
		{33333333-3333-3333-3333-333333333311}.Debug|x86.Build.0 = Debug|Any CPU
		{33333333-3333-3333-3333-333333333311}.Release|Any CPU.ActiveCfg = Release|Any CPU
		{33333333-3333-3333-3333-333333333311}.Release|Any CPU.Build.0 = Release|Any CPU
		{33333333-3333-3333-3333-333333333311}.Release|x64.ActiveCfg = Release|Any CPU
		{33333333-3333-3333-3333-333333333311}.Release|x64.Build.0 = Release|Any CPU
		{33333333-3333-3333-3333-333333333311}.Release|x86.ActiveCfg = Release|Any CPU
		{33333333-3333-3333-3333-333333333311}.Release|x86.Build.0 = Release|Any CPU
		{33333333-3333-3333-3333-333333333312}.Debug|Any CPU.ActiveCfg = Debug|Any CPU
		{33333333-3333-3333-3333-333333333312}.Debug|Any CPU.Build.0 = Debug|Any CPU
		{33333333-3333-3333-3333-333333333312}.Debug|x64.ActiveCfg = Debug|Any CPU
		{33333333-3333-3333-3333-333333333312}.Debug|x64.Build.0 = Debug|Any CPU
		{33333333-3333-3333-3333-333333333312}.Debug|x86.ActiveCfg = Debug|Any CPU
		{33333333-3333-3333-3333-333333333312}.Debug|x86.Build.0 = Debug|Any CPU
		{33333333-3333-3333-3333-333333333312}.Release|Any CPU.ActiveCfg = Release|Any CPU
		{33333333-3333-3333-3333-333333333312}.Release|Any CPU.Build.0 = Release|Any CPU
		{33333333-3333-3333-3333-333333333312}.Release|x64.ActiveCfg = Release|Any CPU
		{33333333-3333-3333-3333-333333333312}.Release|x64.Build.0 = Release|Any CPU
		{33333333-3333-3333-3333-333333333312}.Release|x86.ActiveCfg = Release|Any CPU
		{33333333-3333-3333-3333-333333333312}.Release|x86.Build.0 = Release|Any CPU
		{33333333-3333-3333-3333-333333333313}.Debug|Any CPU.ActiveCfg = Debug|Any CPU
		{33333333-3333-3333-3333-333333333313}.Debug|Any CPU.Build.0 = Debug|Any CPU
		{33333333-3333-3333-3333-333333333313}.Debug|x64.ActiveCfg = Debug|Any CPU
		{33333333-3333-3333-3333-333333333313}.Debug|x64.Build.0 = Debug|Any CPU
		{33333333-3333-3333-3333-333333333313}.Debug|x86.ActiveCfg = Debug|Any CPU
		{33333333-3333-3333-3333-333333333313}.Debug|x86.Build.0 = Debug|Any CPU
		{33333333-3333-3333-3333-333333333313}.Release|Any CPU.ActiveCfg = Release|Any CPU
		{33333333-3333-3333-3333-333333333313}.Release|Any CPU.Build.0 = Release|Any CPU
		{33333333-3333-3333-3333-333333333313}.Release|x64.ActiveCfg = Release|Any CPU
		{33333333-3333-3333-3333-333333333313}.Release|x64.Build.0 = Release|Any CPU
		{33333333-3333-3333-3333-333333333313}.Release|x86.ActiveCfg = Release|Any CPU
		{33333333-3333-3333-3333-333333333313}.Release|x86.Build.0 = Release|Any CPU
		{33333333-3333-3333-3333-333333333314}.Debug|Any CPU.ActiveCfg = Debug|Any CPU
		{33333333-3333-3333-3333-333333333314}.Debug|Any CPU.Build.0 = Debug|Any CPU
		{33333333-3333-3333-3333-333333333314}.Debug|x64.ActiveCfg = Debug|Any CPU
		{33333333-3333-3333-3333-333333333314}.Debug|x64.Build.0 = Debug|Any CPU
		{33333333-3333-3333-3333-333333333314}.Debug|x86.ActiveCfg = Debug|Any CPU
		{33333333-3333-3333-3333-333333333314}.Debug|x86.Build.0 = Debug|Any CPU
		{33333333-3333-3333-3333-333333333314}.Release|Any CPU.ActiveCfg = Release|Any CPU
		{33333333-3333-3333-3333-333333333314}.Release|Any CPU.Build.0 = Release|Any CPU
		{33333333-3333-3333-3333-333333333314}.Release|x64.ActiveCfg = Release|Any CPU
		{33333333-3333-3333-3333-333333333314}.Release|x64.Build.0 = Release|Any CPU
		{33333333-3333-3333-3333-333333333314}.Release|x86.ActiveCfg = Release|Any CPU
		{33333333-3333-3333-3333-333333333314}.Release|x86.Build.0 = Release|Any CPU
		{66666666-6666-6666-6666-666666666601}.Debug|Any CPU.ActiveCfg = Debug|Any CPU
		{66666666-6666-6666-6666-666666666601}.Debug|Any CPU.Build.0 = Debug|Any CPU
		{66666666-6666-6666-6666-666666666601}.Debug|x64.ActiveCfg = Debug|Any CPU
		{66666666-6666-6666-6666-666666666601}.Debug|x64.Build.0 = Debug|Any CPU
		{66666666-6666-6666-6666-666666666601}.Debug|x86.ActiveCfg = Debug|Any CPU
		{66666666-6666-6666-6666-666666666601}.Debug|x86.Build.0 = Debug|Any CPU
		{66666666-6666-6666-6666-666666666601}.Release|Any CPU.ActiveCfg = Release|Any CPU
		{66666666-6666-6666-6666-666666666601}.Release|Any CPU.Build.0 = Release|Any CPU
		{66666666-6666-6666-6666-666666666601}.Release|x64.ActiveCfg = Release|Any CPU
		{66666666-6666-6666-6666-666666666601}.Release|x64.Build.0 = Release|Any CPU
		{66666666-6666-6666-6666-666666666601}.Release|x86.ActiveCfg = Release|Any CPU
		{66666666-6666-6666-6666-666666666601}.Release|x86.Build.0 = Release|Any CPU
		{55555555-5555-5555-5555-555555555501}.Debug|Any CPU.ActiveCfg = Debug|Any CPU
		{55555555-5555-5555-5555-555555555501}.Debug|Any CPU.Build.0 = Debug|Any CPU
		{55555555-5555-5555-5555-555555555501}.Debug|x64.ActiveCfg = Debug|Any CPU
		{55555555-5555-5555-5555-555555555501}.Debug|x64.Build.0 = Debug|Any CPU
		{55555555-5555-5555-5555-555555555501}.Debug|x86.ActiveCfg = Debug|Any CPU
		{55555555-5555-5555-5555-555555555501}.Debug|x86.Build.0 = Debug|Any CPU
		{55555555-5555-5555-5555-555555555501}.Release|Any CPU.ActiveCfg = Release|Any CPU
		{55555555-5555-5555-5555-555555555501}.Release|Any CPU.Build.0 = Release|Any CPU
		{55555555-5555-5555-5555-555555555501}.Release|x64.ActiveCfg = Release|Any CPU
		{55555555-5555-5555-5555-555555555501}.Release|x64.Build.0 = Release|Any CPU
		{55555555-5555-5555-5555-555555555501}.Release|x86.ActiveCfg = Release|Any CPU
		{55555555-5555-5555-5555-555555555501}.Release|x86.Build.0 = Release|Any CPU
		{44444444-4444-4444-4444-444444444401}.Debug|Any CPU.ActiveCfg = Debug|Any CPU
		{44444444-4444-4444-4444-444444444401}.Debug|Any CPU.Build.0 = Debug|Any CPU
		{44444444-4444-4444-4444-444444444401}.Debug|x64.ActiveCfg = Debug|Any CPU
		{44444444-4444-4444-4444-444444444401}.Debug|x64.Build.0 = Debug|Any CPU
		{44444444-4444-4444-4444-444444444401}.Debug|x86.ActiveCfg = Debug|Any CPU
		{44444444-4444-4444-4444-444444444401}.Debug|x86.Build.0 = Debug|Any CPU
		{44444444-4444-4444-4444-444444444401}.Release|Any CPU.ActiveCfg = Release|Any CPU
		{44444444-4444-4444-4444-444444444401}.Release|Any CPU.Build.0 = Release|Any CPU
		{44444444-4444-4444-4444-444444444401}.Release|x64.ActiveCfg = Release|Any CPU
		{44444444-4444-4444-4444-444444444401}.Release|x64.Build.0 = Release|Any CPU
		{44444444-4444-4444-4444-444444444401}.Release|x86.ActiveCfg = Release|Any CPU
		{44444444-4444-4444-4444-444444444401}.Release|x86.Build.0 = Release|Any CPU
		{C99C59F0-36FA-4DA3-86F7-5E99B401906A}.Debug|Any CPU.ActiveCfg = Debug|Any CPU
		{C99C59F0-36FA-4DA3-86F7-5E99B401906A}.Debug|Any CPU.Build.0 = Debug|Any CPU
		{C99C59F0-36FA-4DA3-86F7-5E99B401906A}.Debug|x64.ActiveCfg = Debug|Any CPU
		{C99C59F0-36FA-4DA3-86F7-5E99B401906A}.Debug|x64.Build.0 = Debug|Any CPU
		{C99C59F0-36FA-4DA3-86F7-5E99B401906A}.Debug|x86.ActiveCfg = Debug|Any CPU
		{C99C59F0-36FA-4DA3-86F7-5E99B401906A}.Debug|x86.Build.0 = Debug|Any CPU
		{C99C59F0-36FA-4DA3-86F7-5E99B401906A}.Release|Any CPU.ActiveCfg = Release|Any CPU
		{C99C59F0-36FA-4DA3-86F7-5E99B401906A}.Release|Any CPU.Build.0 = Release|Any CPU
		{C99C59F0-36FA-4DA3-86F7-5E99B401906A}.Release|x64.ActiveCfg = Release|Any CPU
		{C99C59F0-36FA-4DA3-86F7-5E99B401906A}.Release|x64.Build.0 = Release|Any CPU
		{C99C59F0-36FA-4DA3-86F7-5E99B401906A}.Release|x86.ActiveCfg = Release|Any CPU
		{C99C59F0-36FA-4DA3-86F7-5E99B401906A}.Release|x86.Build.0 = Release|Any CPU
		{7DBEFAB9-31FB-4507-93AB-FFF1AC6B0C8B}.Debug|Any CPU.ActiveCfg = Debug|Any CPU
		{7DBEFAB9-31FB-4507-93AB-FFF1AC6B0C8B}.Debug|Any CPU.Build.0 = Debug|Any CPU
		{7DBEFAB9-31FB-4507-93AB-FFF1AC6B0C8B}.Debug|x64.ActiveCfg = Debug|Any CPU
		{7DBEFAB9-31FB-4507-93AB-FFF1AC6B0C8B}.Debug|x64.Build.0 = Debug|Any CPU
		{7DBEFAB9-31FB-4507-93AB-FFF1AC6B0C8B}.Debug|x86.ActiveCfg = Debug|Any CPU
		{7DBEFAB9-31FB-4507-93AB-FFF1AC6B0C8B}.Debug|x86.Build.0 = Debug|Any CPU
		{7DBEFAB9-31FB-4507-93AB-FFF1AC6B0C8B}.Release|Any CPU.ActiveCfg = Release|Any CPU
		{7DBEFAB9-31FB-4507-93AB-FFF1AC6B0C8B}.Release|Any CPU.Build.0 = Release|Any CPU
		{7DBEFAB9-31FB-4507-93AB-FFF1AC6B0C8B}.Release|x64.ActiveCfg = Release|Any CPU
		{7DBEFAB9-31FB-4507-93AB-FFF1AC6B0C8B}.Release|x64.Build.0 = Release|Any CPU
		{7DBEFAB9-31FB-4507-93AB-FFF1AC6B0C8B}.Release|x86.ActiveCfg = Release|Any CPU
		{7DBEFAB9-31FB-4507-93AB-FFF1AC6B0C8B}.Release|x86.Build.0 = Release|Any CPU
		{10D92370-B012-4191-8738-9783836519E3}.Debug|Any CPU.ActiveCfg = Debug|Any CPU
		{10D92370-B012-4191-8738-9783836519E3}.Debug|Any CPU.Build.0 = Debug|Any CPU
		{10D92370-B012-4191-8738-9783836519E3}.Debug|x64.ActiveCfg = Debug|Any CPU
		{10D92370-B012-4191-8738-9783836519E3}.Debug|x64.Build.0 = Debug|Any CPU
		{10D92370-B012-4191-8738-9783836519E3}.Debug|x86.ActiveCfg = Debug|Any CPU
		{10D92370-B012-4191-8738-9783836519E3}.Debug|x86.Build.0 = Debug|Any CPU
		{10D92370-B012-4191-8738-9783836519E3}.Release|Any CPU.ActiveCfg = Release|Any CPU
		{10D92370-B012-4191-8738-9783836519E3}.Release|Any CPU.Build.0 = Release|Any CPU
		{10D92370-B012-4191-8738-9783836519E3}.Release|x64.ActiveCfg = Release|Any CPU
		{10D92370-B012-4191-8738-9783836519E3}.Release|x64.Build.0 = Release|Any CPU
		{10D92370-B012-4191-8738-9783836519E3}.Release|x86.ActiveCfg = Release|Any CPU
		{10D92370-B012-4191-8738-9783836519E3}.Release|x86.Build.0 = Release|Any CPU
		{8C5BB737-36FC-409A-83FE-7041A963AAA5}.Debug|Any CPU.ActiveCfg = Debug|Any CPU
		{8C5BB737-36FC-409A-83FE-7041A963AAA5}.Debug|Any CPU.Build.0 = Debug|Any CPU
		{8C5BB737-36FC-409A-83FE-7041A963AAA5}.Debug|x64.ActiveCfg = Debug|Any CPU
		{8C5BB737-36FC-409A-83FE-7041A963AAA5}.Debug|x64.Build.0 = Debug|Any CPU
		{8C5BB737-36FC-409A-83FE-7041A963AAA5}.Debug|x86.ActiveCfg = Debug|Any CPU
		{8C5BB737-36FC-409A-83FE-7041A963AAA5}.Debug|x86.Build.0 = Debug|Any CPU
		{8C5BB737-36FC-409A-83FE-7041A963AAA5}.Release|Any CPU.ActiveCfg = Release|Any CPU
		{8C5BB737-36FC-409A-83FE-7041A963AAA5}.Release|Any CPU.Build.0 = Release|Any CPU
		{8C5BB737-36FC-409A-83FE-7041A963AAA5}.Release|x64.ActiveCfg = Release|Any CPU
		{8C5BB737-36FC-409A-83FE-7041A963AAA5}.Release|x64.Build.0 = Release|Any CPU
		{8C5BB737-36FC-409A-83FE-7041A963AAA5}.Release|x86.ActiveCfg = Release|Any CPU
		{8C5BB737-36FC-409A-83FE-7041A963AAA5}.Release|x86.Build.0 = Release|Any CPU
		{34818C53-2F90-4DB5-8656-8DF83831ADC3}.Debug|Any CPU.ActiveCfg = Debug|Any CPU
		{34818C53-2F90-4DB5-8656-8DF83831ADC3}.Debug|Any CPU.Build.0 = Debug|Any CPU
		{34818C53-2F90-4DB5-8656-8DF83831ADC3}.Debug|x64.ActiveCfg = Debug|Any CPU
		{34818C53-2F90-4DB5-8656-8DF83831ADC3}.Debug|x64.Build.0 = Debug|Any CPU
		{34818C53-2F90-4DB5-8656-8DF83831ADC3}.Debug|x86.ActiveCfg = Debug|Any CPU
		{34818C53-2F90-4DB5-8656-8DF83831ADC3}.Debug|x86.Build.0 = Debug|Any CPU
		{34818C53-2F90-4DB5-8656-8DF83831ADC3}.Release|Any CPU.ActiveCfg = Release|Any CPU
		{34818C53-2F90-4DB5-8656-8DF83831ADC3}.Release|Any CPU.Build.0 = Release|Any CPU
		{34818C53-2F90-4DB5-8656-8DF83831ADC3}.Release|x64.ActiveCfg = Release|Any CPU
		{34818C53-2F90-4DB5-8656-8DF83831ADC3}.Release|x64.Build.0 = Release|Any CPU
		{34818C53-2F90-4DB5-8656-8DF83831ADC3}.Release|x86.ActiveCfg = Release|Any CPU
		{34818C53-2F90-4DB5-8656-8DF83831ADC3}.Release|x86.Build.0 = Release|Any CPU
		{9491E6A1-1E6C-41EF-A97E-4527A3DD4B6E}.Debug|Any CPU.ActiveCfg = Debug|Any CPU
		{9491E6A1-1E6C-41EF-A97E-4527A3DD4B6E}.Debug|Any CPU.Build.0 = Debug|Any CPU
		{9491E6A1-1E6C-41EF-A97E-4527A3DD4B6E}.Debug|x64.ActiveCfg = Debug|Any CPU
		{9491E6A1-1E6C-41EF-A97E-4527A3DD4B6E}.Debug|x64.Build.0 = Debug|Any CPU
		{9491E6A1-1E6C-41EF-A97E-4527A3DD4B6E}.Debug|x86.ActiveCfg = Debug|Any CPU
		{9491E6A1-1E6C-41EF-A97E-4527A3DD4B6E}.Debug|x86.Build.0 = Debug|Any CPU
		{9491E6A1-1E6C-41EF-A97E-4527A3DD4B6E}.Release|Any CPU.ActiveCfg = Release|Any CPU
		{9491E6A1-1E6C-41EF-A97E-4527A3DD4B6E}.Release|Any CPU.Build.0 = Release|Any CPU
		{9491E6A1-1E6C-41EF-A97E-4527A3DD4B6E}.Release|x64.ActiveCfg = Release|Any CPU
		{9491E6A1-1E6C-41EF-A97E-4527A3DD4B6E}.Release|x64.Build.0 = Release|Any CPU
		{9491E6A1-1E6C-41EF-A97E-4527A3DD4B6E}.Release|x86.ActiveCfg = Release|Any CPU
		{9491E6A1-1E6C-41EF-A97E-4527A3DD4B6E}.Release|x86.Build.0 = Release|Any CPU
		{A694406C-DA62-4864-8564-1C39E2DBAA69}.Debug|Any CPU.ActiveCfg = Debug|Any CPU
		{A694406C-DA62-4864-8564-1C39E2DBAA69}.Debug|Any CPU.Build.0 = Debug|Any CPU
		{A694406C-DA62-4864-8564-1C39E2DBAA69}.Debug|x64.ActiveCfg = Debug|Any CPU
		{A694406C-DA62-4864-8564-1C39E2DBAA69}.Debug|x64.Build.0 = Debug|Any CPU
		{A694406C-DA62-4864-8564-1C39E2DBAA69}.Debug|x86.ActiveCfg = Debug|Any CPU
		{A694406C-DA62-4864-8564-1C39E2DBAA69}.Debug|x86.Build.0 = Debug|Any CPU
		{A694406C-DA62-4864-8564-1C39E2DBAA69}.Release|Any CPU.ActiveCfg = Release|Any CPU
		{A694406C-DA62-4864-8564-1C39E2DBAA69}.Release|Any CPU.Build.0 = Release|Any CPU
		{A694406C-DA62-4864-8564-1C39E2DBAA69}.Release|x64.ActiveCfg = Release|Any CPU
		{A694406C-DA62-4864-8564-1C39E2DBAA69}.Release|x64.Build.0 = Release|Any CPU
		{A694406C-DA62-4864-8564-1C39E2DBAA69}.Release|x86.ActiveCfg = Release|Any CPU
		{A694406C-DA62-4864-8564-1C39E2DBAA69}.Release|x86.Build.0 = Release|Any CPU
		{6F73183B-C7F1-4AA3-AAA5-7C9588E505BC}.Debug|Any CPU.ActiveCfg = Debug|Any CPU
		{6F73183B-C7F1-4AA3-AAA5-7C9588E505BC}.Debug|Any CPU.Build.0 = Debug|Any CPU
		{6F73183B-C7F1-4AA3-AAA5-7C9588E505BC}.Debug|x64.ActiveCfg = Debug|Any CPU
		{6F73183B-C7F1-4AA3-AAA5-7C9588E505BC}.Debug|x64.Build.0 = Debug|Any CPU
		{6F73183B-C7F1-4AA3-AAA5-7C9588E505BC}.Debug|x86.ActiveCfg = Debug|Any CPU
		{6F73183B-C7F1-4AA3-AAA5-7C9588E505BC}.Debug|x86.Build.0 = Debug|Any CPU
		{6F73183B-C7F1-4AA3-AAA5-7C9588E505BC}.Release|Any CPU.ActiveCfg = Release|Any CPU
		{6F73183B-C7F1-4AA3-AAA5-7C9588E505BC}.Release|Any CPU.Build.0 = Release|Any CPU
		{6F73183B-C7F1-4AA3-AAA5-7C9588E505BC}.Release|x64.ActiveCfg = Release|Any CPU
		{6F73183B-C7F1-4AA3-AAA5-7C9588E505BC}.Release|x64.Build.0 = Release|Any CPU
		{6F73183B-C7F1-4AA3-AAA5-7C9588E505BC}.Release|x86.ActiveCfg = Release|Any CPU
		{6F73183B-C7F1-4AA3-AAA5-7C9588E505BC}.Release|x86.Build.0 = Release|Any CPU
		{EB890EE9-8200-47E8-9B16-4FC07FA025C6}.Debug|Any CPU.ActiveCfg = Debug|Any CPU
		{EB890EE9-8200-47E8-9B16-4FC07FA025C6}.Debug|Any CPU.Build.0 = Debug|Any CPU
		{EB890EE9-8200-47E8-9B16-4FC07FA025C6}.Debug|x64.ActiveCfg = Debug|Any CPU
		{EB890EE9-8200-47E8-9B16-4FC07FA025C6}.Debug|x64.Build.0 = Debug|Any CPU
		{EB890EE9-8200-47E8-9B16-4FC07FA025C6}.Debug|x86.ActiveCfg = Debug|Any CPU
		{EB890EE9-8200-47E8-9B16-4FC07FA025C6}.Debug|x86.Build.0 = Debug|Any CPU
		{EB890EE9-8200-47E8-9B16-4FC07FA025C6}.Release|Any CPU.ActiveCfg = Release|Any CPU
		{EB890EE9-8200-47E8-9B16-4FC07FA025C6}.Release|Any CPU.Build.0 = Release|Any CPU
		{EB890EE9-8200-47E8-9B16-4FC07FA025C6}.Release|x64.ActiveCfg = Release|Any CPU
		{EB890EE9-8200-47E8-9B16-4FC07FA025C6}.Release|x64.Build.0 = Release|Any CPU
		{EB890EE9-8200-47E8-9B16-4FC07FA025C6}.Release|x86.ActiveCfg = Release|Any CPU
		{EB890EE9-8200-47E8-9B16-4FC07FA025C6}.Release|x86.Build.0 = Release|Any CPU
		{5E2B8FBA-65D8-47B2-B64C-DA6B5B2D9DF8}.Debug|Any CPU.ActiveCfg = Debug|Any CPU
		{5E2B8FBA-65D8-47B2-B64C-DA6B5B2D9DF8}.Debug|Any CPU.Build.0 = Debug|Any CPU
		{5E2B8FBA-65D8-47B2-B64C-DA6B5B2D9DF8}.Debug|x64.ActiveCfg = Debug|Any CPU
		{5E2B8FBA-65D8-47B2-B64C-DA6B5B2D9DF8}.Debug|x64.Build.0 = Debug|Any CPU
		{5E2B8FBA-65D8-47B2-B64C-DA6B5B2D9DF8}.Debug|x86.ActiveCfg = Debug|Any CPU
		{5E2B8FBA-65D8-47B2-B64C-DA6B5B2D9DF8}.Debug|x86.Build.0 = Debug|Any CPU
		{5E2B8FBA-65D8-47B2-B64C-DA6B5B2D9DF8}.Release|Any CPU.ActiveCfg = Release|Any CPU
		{5E2B8FBA-65D8-47B2-B64C-DA6B5B2D9DF8}.Release|Any CPU.Build.0 = Release|Any CPU
		{5E2B8FBA-65D8-47B2-B64C-DA6B5B2D9DF8}.Release|x64.ActiveCfg = Release|Any CPU
		{5E2B8FBA-65D8-47B2-B64C-DA6B5B2D9DF8}.Release|x64.Build.0 = Release|Any CPU
		{5E2B8FBA-65D8-47B2-B64C-DA6B5B2D9DF8}.Release|x86.ActiveCfg = Release|Any CPU
		{5E2B8FBA-65D8-47B2-B64C-DA6B5B2D9DF8}.Release|x86.Build.0 = Release|Any CPU
		{F0A650F7-6BF0-464A-80C9-3CA9BF2C4059}.Debug|Any CPU.ActiveCfg = Debug|Any CPU
		{F0A650F7-6BF0-464A-80C9-3CA9BF2C4059}.Debug|Any CPU.Build.0 = Debug|Any CPU
		{F0A650F7-6BF0-464A-80C9-3CA9BF2C4059}.Debug|x64.ActiveCfg = Debug|Any CPU
		{F0A650F7-6BF0-464A-80C9-3CA9BF2C4059}.Debug|x64.Build.0 = Debug|Any CPU
		{F0A650F7-6BF0-464A-80C9-3CA9BF2C4059}.Debug|x86.ActiveCfg = Debug|Any CPU
		{F0A650F7-6BF0-464A-80C9-3CA9BF2C4059}.Debug|x86.Build.0 = Debug|Any CPU
		{F0A650F7-6BF0-464A-80C9-3CA9BF2C4059}.Release|Any CPU.ActiveCfg = Release|Any CPU
		{F0A650F7-6BF0-464A-80C9-3CA9BF2C4059}.Release|Any CPU.Build.0 = Release|Any CPU
		{F0A650F7-6BF0-464A-80C9-3CA9BF2C4059}.Release|x64.ActiveCfg = Release|Any CPU
		{F0A650F7-6BF0-464A-80C9-3CA9BF2C4059}.Release|x64.Build.0 = Release|Any CPU
		{F0A650F7-6BF0-464A-80C9-3CA9BF2C4059}.Release|x86.ActiveCfg = Release|Any CPU
		{F0A650F7-6BF0-464A-80C9-3CA9BF2C4059}.Release|x86.Build.0 = Release|Any CPU
		{08309385-8850-42D1-A657-7478A2805B0F}.Debug|Any CPU.ActiveCfg = Debug|Any CPU
		{08309385-8850-42D1-A657-7478A2805B0F}.Debug|Any CPU.Build.0 = Debug|Any CPU
		{08309385-8850-42D1-A657-7478A2805B0F}.Debug|x64.ActiveCfg = Debug|Any CPU
		{08309385-8850-42D1-A657-7478A2805B0F}.Debug|x64.Build.0 = Debug|Any CPU
		{08309385-8850-42D1-A657-7478A2805B0F}.Debug|x86.ActiveCfg = Debug|Any CPU
		{08309385-8850-42D1-A657-7478A2805B0F}.Debug|x86.Build.0 = Debug|Any CPU
		{08309385-8850-42D1-A657-7478A2805B0F}.Release|Any CPU.ActiveCfg = Release|Any CPU
		{08309385-8850-42D1-A657-7478A2805B0F}.Release|Any CPU.Build.0 = Release|Any CPU
		{08309385-8850-42D1-A657-7478A2805B0F}.Release|x64.ActiveCfg = Release|Any CPU
		{08309385-8850-42D1-A657-7478A2805B0F}.Release|x64.Build.0 = Release|Any CPU
		{08309385-8850-42D1-A657-7478A2805B0F}.Release|x86.ActiveCfg = Release|Any CPU
		{08309385-8850-42D1-A657-7478A2805B0F}.Release|x86.Build.0 = Release|Any CPU
		{94431BDA-8EF7-4F7A-B341-A81981F827A8}.Debug|Any CPU.ActiveCfg = Debug|Any CPU
		{94431BDA-8EF7-4F7A-B341-A81981F827A8}.Debug|Any CPU.Build.0 = Debug|Any CPU
		{94431BDA-8EF7-4F7A-B341-A81981F827A8}.Debug|x64.ActiveCfg = Debug|Any CPU
		{94431BDA-8EF7-4F7A-B341-A81981F827A8}.Debug|x64.Build.0 = Debug|Any CPU
		{94431BDA-8EF7-4F7A-B341-A81981F827A8}.Debug|x86.ActiveCfg = Debug|Any CPU
		{94431BDA-8EF7-4F7A-B341-A81981F827A8}.Debug|x86.Build.0 = Debug|Any CPU
		{94431BDA-8EF7-4F7A-B341-A81981F827A8}.Release|Any CPU.ActiveCfg = Release|Any CPU
		{94431BDA-8EF7-4F7A-B341-A81981F827A8}.Release|Any CPU.Build.0 = Release|Any CPU
		{94431BDA-8EF7-4F7A-B341-A81981F827A8}.Release|x64.ActiveCfg = Release|Any CPU
		{94431BDA-8EF7-4F7A-B341-A81981F827A8}.Release|x64.Build.0 = Release|Any CPU
		{94431BDA-8EF7-4F7A-B341-A81981F827A8}.Release|x86.ActiveCfg = Release|Any CPU
		{94431BDA-8EF7-4F7A-B341-A81981F827A8}.Release|x86.Build.0 = Release|Any CPU
		{F164C82C-B0D8-408A-B805-434A237B19E1}.Debug|Any CPU.ActiveCfg = Debug|Any CPU
		{F164C82C-B0D8-408A-B805-434A237B19E1}.Debug|Any CPU.Build.0 = Debug|Any CPU
		{F164C82C-B0D8-408A-B805-434A237B19E1}.Debug|x64.ActiveCfg = Debug|Any CPU
		{F164C82C-B0D8-408A-B805-434A237B19E1}.Debug|x64.Build.0 = Debug|Any CPU
		{F164C82C-B0D8-408A-B805-434A237B19E1}.Debug|x86.ActiveCfg = Debug|Any CPU
		{F164C82C-B0D8-408A-B805-434A237B19E1}.Debug|x86.Build.0 = Debug|Any CPU
		{F164C82C-B0D8-408A-B805-434A237B19E1}.Release|Any CPU.ActiveCfg = Release|Any CPU
		{F164C82C-B0D8-408A-B805-434A237B19E1}.Release|Any CPU.Build.0 = Release|Any CPU
		{F164C82C-B0D8-408A-B805-434A237B19E1}.Release|x64.ActiveCfg = Release|Any CPU
		{F164C82C-B0D8-408A-B805-434A237B19E1}.Release|x64.Build.0 = Release|Any CPU
		{F164C82C-B0D8-408A-B805-434A237B19E1}.Release|x86.ActiveCfg = Release|Any CPU
		{F164C82C-B0D8-408A-B805-434A237B19E1}.Release|x86.Build.0 = Release|Any CPU
		{6A648482-3064-4581-8D67-BA7078D50E85}.Debug|Any CPU.ActiveCfg = Debug|Any CPU
		{6A648482-3064-4581-8D67-BA7078D50E85}.Debug|Any CPU.Build.0 = Debug|Any CPU
		{6A648482-3064-4581-8D67-BA7078D50E85}.Debug|x64.ActiveCfg = Debug|Any CPU
		{6A648482-3064-4581-8D67-BA7078D50E85}.Debug|x64.Build.0 = Debug|Any CPU
		{6A648482-3064-4581-8D67-BA7078D50E85}.Debug|x86.ActiveCfg = Debug|Any CPU
		{6A648482-3064-4581-8D67-BA7078D50E85}.Debug|x86.Build.0 = Debug|Any CPU
		{6A648482-3064-4581-8D67-BA7078D50E85}.Release|Any CPU.ActiveCfg = Release|Any CPU
		{6A648482-3064-4581-8D67-BA7078D50E85}.Release|Any CPU.Build.0 = Release|Any CPU
		{6A648482-3064-4581-8D67-BA7078D50E85}.Release|x64.ActiveCfg = Release|Any CPU
		{6A648482-3064-4581-8D67-BA7078D50E85}.Release|x64.Build.0 = Release|Any CPU
		{6A648482-3064-4581-8D67-BA7078D50E85}.Release|x86.ActiveCfg = Release|Any CPU
		{6A648482-3064-4581-8D67-BA7078D50E85}.Release|x86.Build.0 = Release|Any CPU
		{ACB889A0-C758-4A8E-ADBE-D7B04D6F30D0}.Debug|Any CPU.ActiveCfg = Debug|Any CPU
		{ACB889A0-C758-4A8E-ADBE-D7B04D6F30D0}.Debug|Any CPU.Build.0 = Debug|Any CPU
		{ACB889A0-C758-4A8E-ADBE-D7B04D6F30D0}.Debug|x64.ActiveCfg = Debug|Any CPU
		{ACB889A0-C758-4A8E-ADBE-D7B04D6F30D0}.Debug|x64.Build.0 = Debug|Any CPU
		{ACB889A0-C758-4A8E-ADBE-D7B04D6F30D0}.Debug|x86.ActiveCfg = Debug|Any CPU
		{ACB889A0-C758-4A8E-ADBE-D7B04D6F30D0}.Debug|x86.Build.0 = Debug|Any CPU
		{ACB889A0-C758-4A8E-ADBE-D7B04D6F30D0}.Release|Any CPU.ActiveCfg = Release|Any CPU
		{ACB889A0-C758-4A8E-ADBE-D7B04D6F30D0}.Release|Any CPU.Build.0 = Release|Any CPU
		{ACB889A0-C758-4A8E-ADBE-D7B04D6F30D0}.Release|x64.ActiveCfg = Release|Any CPU
		{ACB889A0-C758-4A8E-ADBE-D7B04D6F30D0}.Release|x64.Build.0 = Release|Any CPU
		{ACB889A0-C758-4A8E-ADBE-D7B04D6F30D0}.Release|x86.ActiveCfg = Release|Any CPU
		{ACB889A0-C758-4A8E-ADBE-D7B04D6F30D0}.Release|x86.Build.0 = Release|Any CPU
		{8BF9048C-2953-44FA-9F83-55EEA519538A}.Debug|Any CPU.ActiveCfg = Debug|Any CPU
		{8BF9048C-2953-44FA-9F83-55EEA519538A}.Debug|Any CPU.Build.0 = Debug|Any CPU
		{8BF9048C-2953-44FA-9F83-55EEA519538A}.Debug|x64.ActiveCfg = Debug|Any CPU
		{8BF9048C-2953-44FA-9F83-55EEA519538A}.Debug|x64.Build.0 = Debug|Any CPU
		{8BF9048C-2953-44FA-9F83-55EEA519538A}.Debug|x86.ActiveCfg = Debug|Any CPU
		{8BF9048C-2953-44FA-9F83-55EEA519538A}.Debug|x86.Build.0 = Debug|Any CPU
		{8BF9048C-2953-44FA-9F83-55EEA519538A}.Release|Any CPU.ActiveCfg = Release|Any CPU
		{8BF9048C-2953-44FA-9F83-55EEA519538A}.Release|Any CPU.Build.0 = Release|Any CPU
		{8BF9048C-2953-44FA-9F83-55EEA519538A}.Release|x64.ActiveCfg = Release|Any CPU
		{8BF9048C-2953-44FA-9F83-55EEA519538A}.Release|x64.Build.0 = Release|Any CPU
		{8BF9048C-2953-44FA-9F83-55EEA519538A}.Release|x86.ActiveCfg = Release|Any CPU
		{8BF9048C-2953-44FA-9F83-55EEA519538A}.Release|x86.Build.0 = Release|Any CPU
		{17AA4F90-1225-4729-ADF2-5B3B7BF92D2B}.Debug|Any CPU.ActiveCfg = Debug|Any CPU
		{17AA4F90-1225-4729-ADF2-5B3B7BF92D2B}.Debug|Any CPU.Build.0 = Debug|Any CPU
		{17AA4F90-1225-4729-ADF2-5B3B7BF92D2B}.Debug|x64.ActiveCfg = Debug|Any CPU
		{17AA4F90-1225-4729-ADF2-5B3B7BF92D2B}.Debug|x64.Build.0 = Debug|Any CPU
		{17AA4F90-1225-4729-ADF2-5B3B7BF92D2B}.Debug|x86.ActiveCfg = Debug|Any CPU
		{17AA4F90-1225-4729-ADF2-5B3B7BF92D2B}.Debug|x86.Build.0 = Debug|Any CPU
		{17AA4F90-1225-4729-ADF2-5B3B7BF92D2B}.Release|Any CPU.ActiveCfg = Release|Any CPU
		{17AA4F90-1225-4729-ADF2-5B3B7BF92D2B}.Release|Any CPU.Build.0 = Release|Any CPU
		{17AA4F90-1225-4729-ADF2-5B3B7BF92D2B}.Release|x64.ActiveCfg = Release|Any CPU
		{17AA4F90-1225-4729-ADF2-5B3B7BF92D2B}.Release|x64.Build.0 = Release|Any CPU
		{17AA4F90-1225-4729-ADF2-5B3B7BF92D2B}.Release|x86.ActiveCfg = Release|Any CPU
		{17AA4F90-1225-4729-ADF2-5B3B7BF92D2B}.Release|x86.Build.0 = Release|Any CPU
		{C8CCDC99-F59B-4AA3-8E2F-123D2B29FE83}.Debug|Any CPU.ActiveCfg = Debug|Any CPU
		{C8CCDC99-F59B-4AA3-8E2F-123D2B29FE83}.Debug|Any CPU.Build.0 = Debug|Any CPU
		{C8CCDC99-F59B-4AA3-8E2F-123D2B29FE83}.Debug|x64.ActiveCfg = Debug|Any CPU
		{C8CCDC99-F59B-4AA3-8E2F-123D2B29FE83}.Debug|x64.Build.0 = Debug|Any CPU
		{C8CCDC99-F59B-4AA3-8E2F-123D2B29FE83}.Debug|x86.ActiveCfg = Debug|Any CPU
		{C8CCDC99-F59B-4AA3-8E2F-123D2B29FE83}.Debug|x86.Build.0 = Debug|Any CPU
		{C8CCDC99-F59B-4AA3-8E2F-123D2B29FE83}.Release|Any CPU.ActiveCfg = Release|Any CPU
		{C8CCDC99-F59B-4AA3-8E2F-123D2B29FE83}.Release|Any CPU.Build.0 = Release|Any CPU
		{C8CCDC99-F59B-4AA3-8E2F-123D2B29FE83}.Release|x64.ActiveCfg = Release|Any CPU
		{C8CCDC99-F59B-4AA3-8E2F-123D2B29FE83}.Release|x64.Build.0 = Release|Any CPU
		{C8CCDC99-F59B-4AA3-8E2F-123D2B29FE83}.Release|x86.ActiveCfg = Release|Any CPU
		{C8CCDC99-F59B-4AA3-8E2F-123D2B29FE83}.Release|x86.Build.0 = Release|Any CPU
		{CA16AB00-411D-411C-9E97-0C048A8EB0A0}.Debug|Any CPU.ActiveCfg = Debug|Any CPU
		{CA16AB00-411D-411C-9E97-0C048A8EB0A0}.Debug|Any CPU.Build.0 = Debug|Any CPU
		{CA16AB00-411D-411C-9E97-0C048A8EB0A0}.Debug|x64.ActiveCfg = Debug|Any CPU
		{CA16AB00-411D-411C-9E97-0C048A8EB0A0}.Debug|x64.Build.0 = Debug|Any CPU
		{CA16AB00-411D-411C-9E97-0C048A8EB0A0}.Debug|x86.ActiveCfg = Debug|Any CPU
		{CA16AB00-411D-411C-9E97-0C048A8EB0A0}.Debug|x86.Build.0 = Debug|Any CPU
		{CA16AB00-411D-411C-9E97-0C048A8EB0A0}.Release|Any CPU.ActiveCfg = Release|Any CPU
		{CA16AB00-411D-411C-9E97-0C048A8EB0A0}.Release|Any CPU.Build.0 = Release|Any CPU
		{CA16AB00-411D-411C-9E97-0C048A8EB0A0}.Release|x64.ActiveCfg = Release|Any CPU
		{CA16AB00-411D-411C-9E97-0C048A8EB0A0}.Release|x64.Build.0 = Release|Any CPU
		{CA16AB00-411D-411C-9E97-0C048A8EB0A0}.Release|x86.ActiveCfg = Release|Any CPU
		{CA16AB00-411D-411C-9E97-0C048A8EB0A0}.Release|x86.Build.0 = Release|Any CPU
		{958433EB-2F4F-4FD1-9698-9BDD6F01BFA0}.Debug|Any CPU.ActiveCfg = Debug|Any CPU
		{958433EB-2F4F-4FD1-9698-9BDD6F01BFA0}.Debug|Any CPU.Build.0 = Debug|Any CPU
		{958433EB-2F4F-4FD1-9698-9BDD6F01BFA0}.Debug|x64.ActiveCfg = Debug|Any CPU
		{958433EB-2F4F-4FD1-9698-9BDD6F01BFA0}.Debug|x64.Build.0 = Debug|Any CPU
		{958433EB-2F4F-4FD1-9698-9BDD6F01BFA0}.Debug|x86.ActiveCfg = Debug|Any CPU
		{958433EB-2F4F-4FD1-9698-9BDD6F01BFA0}.Debug|x86.Build.0 = Debug|Any CPU
		{958433EB-2F4F-4FD1-9698-9BDD6F01BFA0}.Release|Any CPU.ActiveCfg = Release|Any CPU
		{958433EB-2F4F-4FD1-9698-9BDD6F01BFA0}.Release|Any CPU.Build.0 = Release|Any CPU
		{958433EB-2F4F-4FD1-9698-9BDD6F01BFA0}.Release|x64.ActiveCfg = Release|Any CPU
		{958433EB-2F4F-4FD1-9698-9BDD6F01BFA0}.Release|x64.Build.0 = Release|Any CPU
		{958433EB-2F4F-4FD1-9698-9BDD6F01BFA0}.Release|x86.ActiveCfg = Release|Any CPU
		{958433EB-2F4F-4FD1-9698-9BDD6F01BFA0}.Release|x86.Build.0 = Release|Any CPU
		{7B1FD8BE-BE71-4B55-9AFF-A93FDFB6EF50}.Debug|Any CPU.ActiveCfg = Debug|Any CPU
		{7B1FD8BE-BE71-4B55-9AFF-A93FDFB6EF50}.Debug|Any CPU.Build.0 = Debug|Any CPU
		{7B1FD8BE-BE71-4B55-9AFF-A93FDFB6EF50}.Debug|x64.ActiveCfg = Debug|Any CPU
		{7B1FD8BE-BE71-4B55-9AFF-A93FDFB6EF50}.Debug|x64.Build.0 = Debug|Any CPU
		{7B1FD8BE-BE71-4B55-9AFF-A93FDFB6EF50}.Debug|x86.ActiveCfg = Debug|Any CPU
		{7B1FD8BE-BE71-4B55-9AFF-A93FDFB6EF50}.Debug|x86.Build.0 = Debug|Any CPU
		{7B1FD8BE-BE71-4B55-9AFF-A93FDFB6EF50}.Release|Any CPU.ActiveCfg = Release|Any CPU
		{7B1FD8BE-BE71-4B55-9AFF-A93FDFB6EF50}.Release|Any CPU.Build.0 = Release|Any CPU
		{7B1FD8BE-BE71-4B55-9AFF-A93FDFB6EF50}.Release|x64.ActiveCfg = Release|Any CPU
		{7B1FD8BE-BE71-4B55-9AFF-A93FDFB6EF50}.Release|x64.Build.0 = Release|Any CPU
		{7B1FD8BE-BE71-4B55-9AFF-A93FDFB6EF50}.Release|x86.ActiveCfg = Release|Any CPU
		{7B1FD8BE-BE71-4B55-9AFF-A93FDFB6EF50}.Release|x86.Build.0 = Release|Any CPU
		{E18A4871-7D72-472B-96DF-C0185CBB150F}.Debug|Any CPU.ActiveCfg = Debug|Any CPU
		{E18A4871-7D72-472B-96DF-C0185CBB150F}.Debug|Any CPU.Build.0 = Debug|Any CPU
		{E18A4871-7D72-472B-96DF-C0185CBB150F}.Debug|x64.ActiveCfg = Debug|Any CPU
		{E18A4871-7D72-472B-96DF-C0185CBB150F}.Debug|x64.Build.0 = Debug|Any CPU
		{E18A4871-7D72-472B-96DF-C0185CBB150F}.Debug|x86.ActiveCfg = Debug|Any CPU
		{E18A4871-7D72-472B-96DF-C0185CBB150F}.Debug|x86.Build.0 = Debug|Any CPU
		{E18A4871-7D72-472B-96DF-C0185CBB150F}.Release|Any CPU.ActiveCfg = Release|Any CPU
		{E18A4871-7D72-472B-96DF-C0185CBB150F}.Release|Any CPU.Build.0 = Release|Any CPU
		{E18A4871-7D72-472B-96DF-C0185CBB150F}.Release|x64.ActiveCfg = Release|Any CPU
		{E18A4871-7D72-472B-96DF-C0185CBB150F}.Release|x64.Build.0 = Release|Any CPU
		{E18A4871-7D72-472B-96DF-C0185CBB150F}.Release|x86.ActiveCfg = Release|Any CPU
		{E18A4871-7D72-472B-96DF-C0185CBB150F}.Release|x86.Build.0 = Release|Any CPU
		{2BC1AFF2-2E8C-49D9-9FD5-C36939D0350F}.Debug|Any CPU.ActiveCfg = Debug|Any CPU
		{2BC1AFF2-2E8C-49D9-9FD5-C36939D0350F}.Debug|Any CPU.Build.0 = Debug|Any CPU
		{2BC1AFF2-2E8C-49D9-9FD5-C36939D0350F}.Debug|x64.ActiveCfg = Debug|Any CPU
		{2BC1AFF2-2E8C-49D9-9FD5-C36939D0350F}.Debug|x64.Build.0 = Debug|Any CPU
		{2BC1AFF2-2E8C-49D9-9FD5-C36939D0350F}.Debug|x86.ActiveCfg = Debug|Any CPU
		{2BC1AFF2-2E8C-49D9-9FD5-C36939D0350F}.Debug|x86.Build.0 = Debug|Any CPU
		{2BC1AFF2-2E8C-49D9-9FD5-C36939D0350F}.Release|Any CPU.ActiveCfg = Release|Any CPU
		{2BC1AFF2-2E8C-49D9-9FD5-C36939D0350F}.Release|Any CPU.Build.0 = Release|Any CPU
		{2BC1AFF2-2E8C-49D9-9FD5-C36939D0350F}.Release|x64.ActiveCfg = Release|Any CPU
		{2BC1AFF2-2E8C-49D9-9FD5-C36939D0350F}.Release|x64.Build.0 = Release|Any CPU
		{2BC1AFF2-2E8C-49D9-9FD5-C36939D0350F}.Release|x86.ActiveCfg = Release|Any CPU
		{2BC1AFF2-2E8C-49D9-9FD5-C36939D0350F}.Release|x86.Build.0 = Release|Any CPU
		{58352584-C599-490C-AE4E-F3AD538F1A06}.Debug|Any CPU.ActiveCfg = Debug|Any CPU
		{58352584-C599-490C-AE4E-F3AD538F1A06}.Debug|Any CPU.Build.0 = Debug|Any CPU
		{58352584-C599-490C-AE4E-F3AD538F1A06}.Debug|x64.ActiveCfg = Debug|Any CPU
		{58352584-C599-490C-AE4E-F3AD538F1A06}.Debug|x64.Build.0 = Debug|Any CPU
		{58352584-C599-490C-AE4E-F3AD538F1A06}.Debug|x86.ActiveCfg = Debug|Any CPU
		{58352584-C599-490C-AE4E-F3AD538F1A06}.Debug|x86.Build.0 = Debug|Any CPU
		{58352584-C599-490C-AE4E-F3AD538F1A06}.Release|Any CPU.ActiveCfg = Release|Any CPU
		{58352584-C599-490C-AE4E-F3AD538F1A06}.Release|Any CPU.Build.0 = Release|Any CPU
		{58352584-C599-490C-AE4E-F3AD538F1A06}.Release|x64.ActiveCfg = Release|Any CPU
		{58352584-C599-490C-AE4E-F3AD538F1A06}.Release|x64.Build.0 = Release|Any CPU
		{58352584-C599-490C-AE4E-F3AD538F1A06}.Release|x86.ActiveCfg = Release|Any CPU
		{58352584-C599-490C-AE4E-F3AD538F1A06}.Release|x86.Build.0 = Release|Any CPU
		{DEFA5F05-4D7F-434B-98C6-1210F7A5443C}.Debug|Any CPU.ActiveCfg = Debug|Any CPU
		{DEFA5F05-4D7F-434B-98C6-1210F7A5443C}.Debug|Any CPU.Build.0 = Debug|Any CPU
		{DEFA5F05-4D7F-434B-98C6-1210F7A5443C}.Debug|x64.ActiveCfg = Debug|Any CPU
		{DEFA5F05-4D7F-434B-98C6-1210F7A5443C}.Debug|x64.Build.0 = Debug|Any CPU
		{DEFA5F05-4D7F-434B-98C6-1210F7A5443C}.Debug|x86.ActiveCfg = Debug|Any CPU
		{DEFA5F05-4D7F-434B-98C6-1210F7A5443C}.Debug|x86.Build.0 = Debug|Any CPU
		{DEFA5F05-4D7F-434B-98C6-1210F7A5443C}.Release|Any CPU.ActiveCfg = Release|Any CPU
		{DEFA5F05-4D7F-434B-98C6-1210F7A5443C}.Release|Any CPU.Build.0 = Release|Any CPU
		{DEFA5F05-4D7F-434B-98C6-1210F7A5443C}.Release|x64.ActiveCfg = Release|Any CPU
		{DEFA5F05-4D7F-434B-98C6-1210F7A5443C}.Release|x64.Build.0 = Release|Any CPU
		{DEFA5F05-4D7F-434B-98C6-1210F7A5443C}.Release|x86.ActiveCfg = Release|Any CPU
		{DEFA5F05-4D7F-434B-98C6-1210F7A5443C}.Release|x86.Build.0 = Release|Any CPU
		{AAADC42B-14D0-47F5-9B55-171BFE045849}.Debug|Any CPU.ActiveCfg = Debug|Any CPU
		{AAADC42B-14D0-47F5-9B55-171BFE045849}.Debug|Any CPU.Build.0 = Debug|Any CPU
		{AAADC42B-14D0-47F5-9B55-171BFE045849}.Debug|x64.ActiveCfg = Debug|Any CPU
		{AAADC42B-14D0-47F5-9B55-171BFE045849}.Debug|x64.Build.0 = Debug|Any CPU
		{AAADC42B-14D0-47F5-9B55-171BFE045849}.Debug|x86.ActiveCfg = Debug|Any CPU
		{AAADC42B-14D0-47F5-9B55-171BFE045849}.Debug|x86.Build.0 = Debug|Any CPU
		{AAADC42B-14D0-47F5-9B55-171BFE045849}.Release|Any CPU.ActiveCfg = Release|Any CPU
		{AAADC42B-14D0-47F5-9B55-171BFE045849}.Release|Any CPU.Build.0 = Release|Any CPU
		{AAADC42B-14D0-47F5-9B55-171BFE045849}.Release|x64.ActiveCfg = Release|Any CPU
		{AAADC42B-14D0-47F5-9B55-171BFE045849}.Release|x64.Build.0 = Release|Any CPU
		{AAADC42B-14D0-47F5-9B55-171BFE045849}.Release|x86.ActiveCfg = Release|Any CPU
		{AAADC42B-14D0-47F5-9B55-171BFE045849}.Release|x86.Build.0 = Release|Any CPU
		{973CCA37-9191-49AC-BF2F-E07D1FD5FE86}.Debug|Any CPU.ActiveCfg = Debug|Any CPU
		{973CCA37-9191-49AC-BF2F-E07D1FD5FE86}.Debug|Any CPU.Build.0 = Debug|Any CPU
		{973CCA37-9191-49AC-BF2F-E07D1FD5FE86}.Debug|x64.ActiveCfg = Debug|Any CPU
		{973CCA37-9191-49AC-BF2F-E07D1FD5FE86}.Debug|x64.Build.0 = Debug|Any CPU
		{973CCA37-9191-49AC-BF2F-E07D1FD5FE86}.Debug|x86.ActiveCfg = Debug|Any CPU
		{973CCA37-9191-49AC-BF2F-E07D1FD5FE86}.Debug|x86.Build.0 = Debug|Any CPU
		{973CCA37-9191-49AC-BF2F-E07D1FD5FE86}.Release|Any CPU.ActiveCfg = Release|Any CPU
		{973CCA37-9191-49AC-BF2F-E07D1FD5FE86}.Release|Any CPU.Build.0 = Release|Any CPU
		{973CCA37-9191-49AC-BF2F-E07D1FD5FE86}.Release|x64.ActiveCfg = Release|Any CPU
		{973CCA37-9191-49AC-BF2F-E07D1FD5FE86}.Release|x64.Build.0 = Release|Any CPU
		{973CCA37-9191-49AC-BF2F-E07D1FD5FE86}.Release|x86.ActiveCfg = Release|Any CPU
		{973CCA37-9191-49AC-BF2F-E07D1FD5FE86}.Release|x86.Build.0 = Release|Any CPU
		{46D57930-BC49-4379-9B47-0DB90D081689}.Debug|Any CPU.ActiveCfg = Debug|Any CPU
		{46D57930-BC49-4379-9B47-0DB90D081689}.Debug|Any CPU.Build.0 = Debug|Any CPU
		{46D57930-BC49-4379-9B47-0DB90D081689}.Debug|x64.ActiveCfg = Debug|Any CPU
		{46D57930-BC49-4379-9B47-0DB90D081689}.Debug|x64.Build.0 = Debug|Any CPU
		{46D57930-BC49-4379-9B47-0DB90D081689}.Debug|x86.ActiveCfg = Debug|Any CPU
		{46D57930-BC49-4379-9B47-0DB90D081689}.Debug|x86.Build.0 = Debug|Any CPU
		{46D57930-BC49-4379-9B47-0DB90D081689}.Release|Any CPU.ActiveCfg = Release|Any CPU
		{46D57930-BC49-4379-9B47-0DB90D081689}.Release|Any CPU.Build.0 = Release|Any CPU
		{46D57930-BC49-4379-9B47-0DB90D081689}.Release|x64.ActiveCfg = Release|Any CPU
		{46D57930-BC49-4379-9B47-0DB90D081689}.Release|x64.Build.0 = Release|Any CPU
		{46D57930-BC49-4379-9B47-0DB90D081689}.Release|x86.ActiveCfg = Release|Any CPU
		{46D57930-BC49-4379-9B47-0DB90D081689}.Release|x86.Build.0 = Release|Any CPU
		{B7C6FB46-A749-45AB-8722-371F6957C10B}.Debug|Any CPU.ActiveCfg = Debug|Any CPU
		{B7C6FB46-A749-45AB-8722-371F6957C10B}.Debug|Any CPU.Build.0 = Debug|Any CPU
		{B7C6FB46-A749-45AB-8722-371F6957C10B}.Debug|x64.ActiveCfg = Debug|Any CPU
		{B7C6FB46-A749-45AB-8722-371F6957C10B}.Debug|x64.Build.0 = Debug|Any CPU
		{B7C6FB46-A749-45AB-8722-371F6957C10B}.Debug|x86.ActiveCfg = Debug|Any CPU
		{B7C6FB46-A749-45AB-8722-371F6957C10B}.Debug|x86.Build.0 = Debug|Any CPU
		{B7C6FB46-A749-45AB-8722-371F6957C10B}.Release|Any CPU.ActiveCfg = Release|Any CPU
		{B7C6FB46-A749-45AB-8722-371F6957C10B}.Release|Any CPU.Build.0 = Release|Any CPU
		{B7C6FB46-A749-45AB-8722-371F6957C10B}.Release|x64.ActiveCfg = Release|Any CPU
		{B7C6FB46-A749-45AB-8722-371F6957C10B}.Release|x64.Build.0 = Release|Any CPU
		{B7C6FB46-A749-45AB-8722-371F6957C10B}.Release|x86.ActiveCfg = Release|Any CPU
		{B7C6FB46-A749-45AB-8722-371F6957C10B}.Release|x86.Build.0 = Release|Any CPU
		{3BDB42B0-9DBD-4F34-9769-6740E2FA5AA9}.Debug|Any CPU.ActiveCfg = Debug|Any CPU
		{3BDB42B0-9DBD-4F34-9769-6740E2FA5AA9}.Debug|Any CPU.Build.0 = Debug|Any CPU
		{3BDB42B0-9DBD-4F34-9769-6740E2FA5AA9}.Debug|x64.ActiveCfg = Debug|Any CPU
		{3BDB42B0-9DBD-4F34-9769-6740E2FA5AA9}.Debug|x64.Build.0 = Debug|Any CPU
		{3BDB42B0-9DBD-4F34-9769-6740E2FA5AA9}.Debug|x86.ActiveCfg = Debug|Any CPU
		{3BDB42B0-9DBD-4F34-9769-6740E2FA5AA9}.Debug|x86.Build.0 = Debug|Any CPU
		{3BDB42B0-9DBD-4F34-9769-6740E2FA5AA9}.Release|Any CPU.ActiveCfg = Release|Any CPU
		{3BDB42B0-9DBD-4F34-9769-6740E2FA5AA9}.Release|Any CPU.Build.0 = Release|Any CPU
		{3BDB42B0-9DBD-4F34-9769-6740E2FA5AA9}.Release|x64.ActiveCfg = Release|Any CPU
		{3BDB42B0-9DBD-4F34-9769-6740E2FA5AA9}.Release|x64.Build.0 = Release|Any CPU
		{3BDB42B0-9DBD-4F34-9769-6740E2FA5AA9}.Release|x86.ActiveCfg = Release|Any CPU
		{3BDB42B0-9DBD-4F34-9769-6740E2FA5AA9}.Release|x86.Build.0 = Release|Any CPU
		{58745747-4126-4C1F-B950-8B9682D33308}.Debug|Any CPU.ActiveCfg = Debug|Any CPU
		{58745747-4126-4C1F-B950-8B9682D33308}.Debug|Any CPU.Build.0 = Debug|Any CPU
		{58745747-4126-4C1F-B950-8B9682D33308}.Debug|x64.ActiveCfg = Debug|Any CPU
		{58745747-4126-4C1F-B950-8B9682D33308}.Debug|x64.Build.0 = Debug|Any CPU
		{58745747-4126-4C1F-B950-8B9682D33308}.Debug|x86.ActiveCfg = Debug|Any CPU
		{58745747-4126-4C1F-B950-8B9682D33308}.Debug|x86.Build.0 = Debug|Any CPU
		{58745747-4126-4C1F-B950-8B9682D33308}.Release|Any CPU.ActiveCfg = Release|Any CPU
		{58745747-4126-4C1F-B950-8B9682D33308}.Release|Any CPU.Build.0 = Release|Any CPU
		{58745747-4126-4C1F-B950-8B9682D33308}.Release|x64.ActiveCfg = Release|Any CPU
		{58745747-4126-4C1F-B950-8B9682D33308}.Release|x64.Build.0 = Release|Any CPU
		{58745747-4126-4C1F-B950-8B9682D33308}.Release|x86.ActiveCfg = Release|Any CPU
		{58745747-4126-4C1F-B950-8B9682D33308}.Release|x86.Build.0 = Release|Any CPU
		{25D173C7-F4DD-407E-B6D5-3CF9610D1573}.Debug|Any CPU.ActiveCfg = Debug|Any CPU
		{25D173C7-F4DD-407E-B6D5-3CF9610D1573}.Debug|Any CPU.Build.0 = Debug|Any CPU
		{25D173C7-F4DD-407E-B6D5-3CF9610D1573}.Debug|x64.ActiveCfg = Debug|Any CPU
		{25D173C7-F4DD-407E-B6D5-3CF9610D1573}.Debug|x64.Build.0 = Debug|Any CPU
		{25D173C7-F4DD-407E-B6D5-3CF9610D1573}.Debug|x86.ActiveCfg = Debug|Any CPU
		{25D173C7-F4DD-407E-B6D5-3CF9610D1573}.Debug|x86.Build.0 = Debug|Any CPU
		{25D173C7-F4DD-407E-B6D5-3CF9610D1573}.Release|Any CPU.ActiveCfg = Release|Any CPU
		{25D173C7-F4DD-407E-B6D5-3CF9610D1573}.Release|Any CPU.Build.0 = Release|Any CPU
		{25D173C7-F4DD-407E-B6D5-3CF9610D1573}.Release|x64.ActiveCfg = Release|Any CPU
		{25D173C7-F4DD-407E-B6D5-3CF9610D1573}.Release|x64.Build.0 = Release|Any CPU
		{25D173C7-F4DD-407E-B6D5-3CF9610D1573}.Release|x86.ActiveCfg = Release|Any CPU
		{25D173C7-F4DD-407E-B6D5-3CF9610D1573}.Release|x86.Build.0 = Release|Any CPU
		{4C612CA9-DF66-4AD2-9C1F-8C8964A803E5}.Debug|Any CPU.ActiveCfg = Debug|Any CPU
		{4C612CA9-DF66-4AD2-9C1F-8C8964A803E5}.Debug|Any CPU.Build.0 = Debug|Any CPU
		{4C612CA9-DF66-4AD2-9C1F-8C8964A803E5}.Debug|x64.ActiveCfg = Debug|Any CPU
		{4C612CA9-DF66-4AD2-9C1F-8C8964A803E5}.Debug|x64.Build.0 = Debug|Any CPU
		{4C612CA9-DF66-4AD2-9C1F-8C8964A803E5}.Debug|x86.ActiveCfg = Debug|Any CPU
		{4C612CA9-DF66-4AD2-9C1F-8C8964A803E5}.Debug|x86.Build.0 = Debug|Any CPU
		{4C612CA9-DF66-4AD2-9C1F-8C8964A803E5}.Release|Any CPU.ActiveCfg = Release|Any CPU
		{4C612CA9-DF66-4AD2-9C1F-8C8964A803E5}.Release|Any CPU.Build.0 = Release|Any CPU
		{4C612CA9-DF66-4AD2-9C1F-8C8964A803E5}.Release|x64.ActiveCfg = Release|Any CPU
		{4C612CA9-DF66-4AD2-9C1F-8C8964A803E5}.Release|x64.Build.0 = Release|Any CPU
		{4C612CA9-DF66-4AD2-9C1F-8C8964A803E5}.Release|x86.ActiveCfg = Release|Any CPU
		{4C612CA9-DF66-4AD2-9C1F-8C8964A803E5}.Release|x86.Build.0 = Release|Any CPU
		{4764B6F4-969E-4788-A76B-CEC9A1820935}.Debug|Any CPU.ActiveCfg = Debug|Any CPU
		{4764B6F4-969E-4788-A76B-CEC9A1820935}.Debug|Any CPU.Build.0 = Debug|Any CPU
		{4764B6F4-969E-4788-A76B-CEC9A1820935}.Debug|x64.ActiveCfg = Debug|Any CPU
		{4764B6F4-969E-4788-A76B-CEC9A1820935}.Debug|x64.Build.0 = Debug|Any CPU
		{4764B6F4-969E-4788-A76B-CEC9A1820935}.Debug|x86.ActiveCfg = Debug|Any CPU
		{4764B6F4-969E-4788-A76B-CEC9A1820935}.Debug|x86.Build.0 = Debug|Any CPU
		{4764B6F4-969E-4788-A76B-CEC9A1820935}.Release|Any CPU.ActiveCfg = Release|Any CPU
		{4764B6F4-969E-4788-A76B-CEC9A1820935}.Release|Any CPU.Build.0 = Release|Any CPU
		{4764B6F4-969E-4788-A76B-CEC9A1820935}.Release|x64.ActiveCfg = Release|Any CPU
		{4764B6F4-969E-4788-A76B-CEC9A1820935}.Release|x64.Build.0 = Release|Any CPU
		{4764B6F4-969E-4788-A76B-CEC9A1820935}.Release|x86.ActiveCfg = Release|Any CPU
		{4764B6F4-969E-4788-A76B-CEC9A1820935}.Release|x86.Build.0 = Release|Any CPU
		{7AA776FE-58E1-42BE-BB29-9CBD081AA3C4}.Debug|Any CPU.ActiveCfg = Debug|Any CPU
		{7AA776FE-58E1-42BE-BB29-9CBD081AA3C4}.Debug|Any CPU.Build.0 = Debug|Any CPU
		{7AA776FE-58E1-42BE-BB29-9CBD081AA3C4}.Debug|x64.ActiveCfg = Debug|Any CPU
		{7AA776FE-58E1-42BE-BB29-9CBD081AA3C4}.Debug|x64.Build.0 = Debug|Any CPU
		{7AA776FE-58E1-42BE-BB29-9CBD081AA3C4}.Debug|x86.ActiveCfg = Debug|Any CPU
		{7AA776FE-58E1-42BE-BB29-9CBD081AA3C4}.Debug|x86.Build.0 = Debug|Any CPU
		{7AA776FE-58E1-42BE-BB29-9CBD081AA3C4}.Release|Any CPU.ActiveCfg = Release|Any CPU
		{7AA776FE-58E1-42BE-BB29-9CBD081AA3C4}.Release|Any CPU.Build.0 = Release|Any CPU
		{7AA776FE-58E1-42BE-BB29-9CBD081AA3C4}.Release|x64.ActiveCfg = Release|Any CPU
		{7AA776FE-58E1-42BE-BB29-9CBD081AA3C4}.Release|x64.Build.0 = Release|Any CPU
		{7AA776FE-58E1-42BE-BB29-9CBD081AA3C4}.Release|x86.ActiveCfg = Release|Any CPU
		{7AA776FE-58E1-42BE-BB29-9CBD081AA3C4}.Release|x86.Build.0 = Release|Any CPU
		{DF737416-43D9-48A3-B9FC-F6B87AEBC082}.Debug|Any CPU.ActiveCfg = Debug|Any CPU
		{DF737416-43D9-48A3-B9FC-F6B87AEBC082}.Debug|Any CPU.Build.0 = Debug|Any CPU
		{DF737416-43D9-48A3-B9FC-F6B87AEBC082}.Debug|x64.ActiveCfg = Debug|Any CPU
		{DF737416-43D9-48A3-B9FC-F6B87AEBC082}.Debug|x64.Build.0 = Debug|Any CPU
		{DF737416-43D9-48A3-B9FC-F6B87AEBC082}.Debug|x86.ActiveCfg = Debug|Any CPU
		{DF737416-43D9-48A3-B9FC-F6B87AEBC082}.Debug|x86.Build.0 = Debug|Any CPU
		{DF737416-43D9-48A3-B9FC-F6B87AEBC082}.Release|Any CPU.ActiveCfg = Release|Any CPU
		{DF737416-43D9-48A3-B9FC-F6B87AEBC082}.Release|Any CPU.Build.0 = Release|Any CPU
		{DF737416-43D9-48A3-B9FC-F6B87AEBC082}.Release|x64.ActiveCfg = Release|Any CPU
		{DF737416-43D9-48A3-B9FC-F6B87AEBC082}.Release|x64.Build.0 = Release|Any CPU
		{DF737416-43D9-48A3-B9FC-F6B87AEBC082}.Release|x86.ActiveCfg = Release|Any CPU
		{DF737416-43D9-48A3-B9FC-F6B87AEBC082}.Release|x86.Build.0 = Release|Any CPU
		{8857F05B-EA67-454B-97CC-9FD8DA33102C}.Debug|Any CPU.ActiveCfg = Debug|Any CPU
		{8857F05B-EA67-454B-97CC-9FD8DA33102C}.Debug|Any CPU.Build.0 = Debug|Any CPU
		{8857F05B-EA67-454B-97CC-9FD8DA33102C}.Debug|x64.ActiveCfg = Debug|Any CPU
		{8857F05B-EA67-454B-97CC-9FD8DA33102C}.Debug|x64.Build.0 = Debug|Any CPU
		{8857F05B-EA67-454B-97CC-9FD8DA33102C}.Debug|x86.ActiveCfg = Debug|Any CPU
		{8857F05B-EA67-454B-97CC-9FD8DA33102C}.Debug|x86.Build.0 = Debug|Any CPU
		{8857F05B-EA67-454B-97CC-9FD8DA33102C}.Release|Any CPU.ActiveCfg = Release|Any CPU
		{8857F05B-EA67-454B-97CC-9FD8DA33102C}.Release|Any CPU.Build.0 = Release|Any CPU
		{8857F05B-EA67-454B-97CC-9FD8DA33102C}.Release|x64.ActiveCfg = Release|Any CPU
		{8857F05B-EA67-454B-97CC-9FD8DA33102C}.Release|x64.Build.0 = Release|Any CPU
		{8857F05B-EA67-454B-97CC-9FD8DA33102C}.Release|x86.ActiveCfg = Release|Any CPU
		{8857F05B-EA67-454B-97CC-9FD8DA33102C}.Release|x86.Build.0 = Release|Any CPU
		{4CA685E6-174F-44CD-BF7C-B86883F3D879}.Debug|Any CPU.ActiveCfg = Debug|Any CPU
		{4CA685E6-174F-44CD-BF7C-B86883F3D879}.Debug|Any CPU.Build.0 = Debug|Any CPU
		{4CA685E6-174F-44CD-BF7C-B86883F3D879}.Debug|x64.ActiveCfg = Debug|Any CPU
		{4CA685E6-174F-44CD-BF7C-B86883F3D879}.Debug|x64.Build.0 = Debug|Any CPU
		{4CA685E6-174F-44CD-BF7C-B86883F3D879}.Debug|x86.ActiveCfg = Debug|Any CPU
		{4CA685E6-174F-44CD-BF7C-B86883F3D879}.Debug|x86.Build.0 = Debug|Any CPU
		{4CA685E6-174F-44CD-BF7C-B86883F3D879}.Release|Any CPU.ActiveCfg = Release|Any CPU
		{4CA685E6-174F-44CD-BF7C-B86883F3D879}.Release|Any CPU.Build.0 = Release|Any CPU
		{4CA685E6-174F-44CD-BF7C-B86883F3D879}.Release|x64.ActiveCfg = Release|Any CPU
		{4CA685E6-174F-44CD-BF7C-B86883F3D879}.Release|x64.Build.0 = Release|Any CPU
		{4CA685E6-174F-44CD-BF7C-B86883F3D879}.Release|x86.ActiveCfg = Release|Any CPU
		{4CA685E6-174F-44CD-BF7C-B86883F3D879}.Release|x86.Build.0 = Release|Any CPU
		{5CCC045A-E45A-4845-B891-E7459CCD85BB}.Debug|Any CPU.ActiveCfg = Debug|Any CPU
		{5CCC045A-E45A-4845-B891-E7459CCD85BB}.Debug|Any CPU.Build.0 = Debug|Any CPU
		{5CCC045A-E45A-4845-B891-E7459CCD85BB}.Debug|x64.ActiveCfg = Debug|Any CPU
		{5CCC045A-E45A-4845-B891-E7459CCD85BB}.Debug|x64.Build.0 = Debug|Any CPU
		{5CCC045A-E45A-4845-B891-E7459CCD85BB}.Debug|x86.ActiveCfg = Debug|Any CPU
		{5CCC045A-E45A-4845-B891-E7459CCD85BB}.Debug|x86.Build.0 = Debug|Any CPU
		{5CCC045A-E45A-4845-B891-E7459CCD85BB}.Release|Any CPU.ActiveCfg = Release|Any CPU
		{5CCC045A-E45A-4845-B891-E7459CCD85BB}.Release|Any CPU.Build.0 = Release|Any CPU
		{5CCC045A-E45A-4845-B891-E7459CCD85BB}.Release|x64.ActiveCfg = Release|Any CPU
		{5CCC045A-E45A-4845-B891-E7459CCD85BB}.Release|x64.Build.0 = Release|Any CPU
		{5CCC045A-E45A-4845-B891-E7459CCD85BB}.Release|x86.ActiveCfg = Release|Any CPU
		{5CCC045A-E45A-4845-B891-E7459CCD85BB}.Release|x86.Build.0 = Release|Any CPU
		{7E761BBE-2A67-4773-8CF1-15A56BC63113}.Debug|Any CPU.ActiveCfg = Debug|Any CPU
		{7E761BBE-2A67-4773-8CF1-15A56BC63113}.Debug|Any CPU.Build.0 = Debug|Any CPU
		{7E761BBE-2A67-4773-8CF1-15A56BC63113}.Debug|x64.ActiveCfg = Debug|Any CPU
		{7E761BBE-2A67-4773-8CF1-15A56BC63113}.Debug|x64.Build.0 = Debug|Any CPU
		{7E761BBE-2A67-4773-8CF1-15A56BC63113}.Debug|x86.ActiveCfg = Debug|Any CPU
		{7E761BBE-2A67-4773-8CF1-15A56BC63113}.Debug|x86.Build.0 = Debug|Any CPU
		{7E761BBE-2A67-4773-8CF1-15A56BC63113}.Release|Any CPU.ActiveCfg = Release|Any CPU
		{7E761BBE-2A67-4773-8CF1-15A56BC63113}.Release|Any CPU.Build.0 = Release|Any CPU
		{7E761BBE-2A67-4773-8CF1-15A56BC63113}.Release|x64.ActiveCfg = Release|Any CPU
		{7E761BBE-2A67-4773-8CF1-15A56BC63113}.Release|x64.Build.0 = Release|Any CPU
		{7E761BBE-2A67-4773-8CF1-15A56BC63113}.Release|x86.ActiveCfg = Release|Any CPU
		{7E761BBE-2A67-4773-8CF1-15A56BC63113}.Release|x86.Build.0 = Release|Any CPU
		{6D1AA76E-42C9-45AF-8D67-2BDF4D511B88}.Debug|Any CPU.ActiveCfg = Debug|Any CPU
		{6D1AA76E-42C9-45AF-8D67-2BDF4D511B88}.Debug|Any CPU.Build.0 = Debug|Any CPU
		{6D1AA76E-42C9-45AF-8D67-2BDF4D511B88}.Debug|x64.ActiveCfg = Debug|Any CPU
		{6D1AA76E-42C9-45AF-8D67-2BDF4D511B88}.Debug|x64.Build.0 = Debug|Any CPU
		{6D1AA76E-42C9-45AF-8D67-2BDF4D511B88}.Debug|x86.ActiveCfg = Debug|Any CPU
		{6D1AA76E-42C9-45AF-8D67-2BDF4D511B88}.Debug|x86.Build.0 = Debug|Any CPU
		{6D1AA76E-42C9-45AF-8D67-2BDF4D511B88}.Release|Any CPU.ActiveCfg = Release|Any CPU
		{6D1AA76E-42C9-45AF-8D67-2BDF4D511B88}.Release|Any CPU.Build.0 = Release|Any CPU
		{6D1AA76E-42C9-45AF-8D67-2BDF4D511B88}.Release|x64.ActiveCfg = Release|Any CPU
		{6D1AA76E-42C9-45AF-8D67-2BDF4D511B88}.Release|x64.Build.0 = Release|Any CPU
		{6D1AA76E-42C9-45AF-8D67-2BDF4D511B88}.Release|x86.ActiveCfg = Release|Any CPU
		{6D1AA76E-42C9-45AF-8D67-2BDF4D511B88}.Release|x86.Build.0 = Release|Any CPU
		{39BC54B3-0244-4BA6-BD79-45A587BE81AC}.Debug|Any CPU.ActiveCfg = Debug|Any CPU
		{39BC54B3-0244-4BA6-BD79-45A587BE81AC}.Debug|Any CPU.Build.0 = Debug|Any CPU
		{39BC54B3-0244-4BA6-BD79-45A587BE81AC}.Debug|x64.ActiveCfg = Debug|Any CPU
		{39BC54B3-0244-4BA6-BD79-45A587BE81AC}.Debug|x64.Build.0 = Debug|Any CPU
		{39BC54B3-0244-4BA6-BD79-45A587BE81AC}.Debug|x86.ActiveCfg = Debug|Any CPU
		{39BC54B3-0244-4BA6-BD79-45A587BE81AC}.Debug|x86.Build.0 = Debug|Any CPU
		{39BC54B3-0244-4BA6-BD79-45A587BE81AC}.Release|Any CPU.ActiveCfg = Release|Any CPU
		{39BC54B3-0244-4BA6-BD79-45A587BE81AC}.Release|Any CPU.Build.0 = Release|Any CPU
		{39BC54B3-0244-4BA6-BD79-45A587BE81AC}.Release|x64.ActiveCfg = Release|Any CPU
		{39BC54B3-0244-4BA6-BD79-45A587BE81AC}.Release|x64.Build.0 = Release|Any CPU
		{39BC54B3-0244-4BA6-BD79-45A587BE81AC}.Release|x86.ActiveCfg = Release|Any CPU
		{39BC54B3-0244-4BA6-BD79-45A587BE81AC}.Release|x86.Build.0 = Release|Any CPU
		{9B243D34-9A3F-4C55-AA79-66197A2B6851}.Debug|Any CPU.ActiveCfg = Debug|Any CPU
		{9B243D34-9A3F-4C55-AA79-66197A2B6851}.Debug|Any CPU.Build.0 = Debug|Any CPU
		{9B243D34-9A3F-4C55-AA79-66197A2B6851}.Debug|x64.ActiveCfg = Debug|Any CPU
		{9B243D34-9A3F-4C55-AA79-66197A2B6851}.Debug|x64.Build.0 = Debug|Any CPU
		{9B243D34-9A3F-4C55-AA79-66197A2B6851}.Debug|x86.ActiveCfg = Debug|Any CPU
		{9B243D34-9A3F-4C55-AA79-66197A2B6851}.Debug|x86.Build.0 = Debug|Any CPU
		{9B243D34-9A3F-4C55-AA79-66197A2B6851}.Release|Any CPU.ActiveCfg = Release|Any CPU
		{9B243D34-9A3F-4C55-AA79-66197A2B6851}.Release|Any CPU.Build.0 = Release|Any CPU
		{9B243D34-9A3F-4C55-AA79-66197A2B6851}.Release|x64.ActiveCfg = Release|Any CPU
		{9B243D34-9A3F-4C55-AA79-66197A2B6851}.Release|x64.Build.0 = Release|Any CPU
		{9B243D34-9A3F-4C55-AA79-66197A2B6851}.Release|x86.ActiveCfg = Release|Any CPU
		{9B243D34-9A3F-4C55-AA79-66197A2B6851}.Release|x86.Build.0 = Release|Any CPU
		{4780C976-7ECC-43A6-B6E2-AF85EB96473B}.Debug|Any CPU.ActiveCfg = Debug|Any CPU
		{4780C976-7ECC-43A6-B6E2-AF85EB96473B}.Debug|Any CPU.Build.0 = Debug|Any CPU
		{4780C976-7ECC-43A6-B6E2-AF85EB96473B}.Debug|x64.ActiveCfg = Debug|Any CPU
		{4780C976-7ECC-43A6-B6E2-AF85EB96473B}.Debug|x64.Build.0 = Debug|Any CPU
		{4780C976-7ECC-43A6-B6E2-AF85EB96473B}.Debug|x86.ActiveCfg = Debug|Any CPU
		{4780C976-7ECC-43A6-B6E2-AF85EB96473B}.Debug|x86.Build.0 = Debug|Any CPU
		{4780C976-7ECC-43A6-B6E2-AF85EB96473B}.Release|Any CPU.ActiveCfg = Release|Any CPU
		{4780C976-7ECC-43A6-B6E2-AF85EB96473B}.Release|Any CPU.Build.0 = Release|Any CPU
		{4780C976-7ECC-43A6-B6E2-AF85EB96473B}.Release|x64.ActiveCfg = Release|Any CPU
		{4780C976-7ECC-43A6-B6E2-AF85EB96473B}.Release|x64.Build.0 = Release|Any CPU
		{4780C976-7ECC-43A6-B6E2-AF85EB96473B}.Release|x86.ActiveCfg = Release|Any CPU
		{4780C976-7ECC-43A6-B6E2-AF85EB96473B}.Release|x86.Build.0 = Release|Any CPU
		{FA536132-2632-4FB7-89B1-353459AC2DFB}.Debug|Any CPU.ActiveCfg = Debug|Any CPU
		{FA536132-2632-4FB7-89B1-353459AC2DFB}.Debug|Any CPU.Build.0 = Debug|Any CPU
		{FA536132-2632-4FB7-89B1-353459AC2DFB}.Debug|x64.ActiveCfg = Debug|Any CPU
		{FA536132-2632-4FB7-89B1-353459AC2DFB}.Debug|x64.Build.0 = Debug|Any CPU
		{FA536132-2632-4FB7-89B1-353459AC2DFB}.Debug|x86.ActiveCfg = Debug|Any CPU
		{FA536132-2632-4FB7-89B1-353459AC2DFB}.Debug|x86.Build.0 = Debug|Any CPU
		{FA536132-2632-4FB7-89B1-353459AC2DFB}.Release|Any CPU.ActiveCfg = Release|Any CPU
		{FA536132-2632-4FB7-89B1-353459AC2DFB}.Release|Any CPU.Build.0 = Release|Any CPU
		{FA536132-2632-4FB7-89B1-353459AC2DFB}.Release|x64.ActiveCfg = Release|Any CPU
		{FA536132-2632-4FB7-89B1-353459AC2DFB}.Release|x64.Build.0 = Release|Any CPU
		{FA536132-2632-4FB7-89B1-353459AC2DFB}.Release|x86.ActiveCfg = Release|Any CPU
		{FA536132-2632-4FB7-89B1-353459AC2DFB}.Release|x86.Build.0 = Release|Any CPU
		{CE9FF13B-8AE0-4383-A066-04186606EABD}.Debug|Any CPU.ActiveCfg = Debug|Any CPU
		{CE9FF13B-8AE0-4383-A066-04186606EABD}.Debug|Any CPU.Build.0 = Debug|Any CPU
		{CE9FF13B-8AE0-4383-A066-04186606EABD}.Debug|x64.ActiveCfg = Debug|Any CPU
		{CE9FF13B-8AE0-4383-A066-04186606EABD}.Debug|x64.Build.0 = Debug|Any CPU
		{CE9FF13B-8AE0-4383-A066-04186606EABD}.Debug|x86.ActiveCfg = Debug|Any CPU
		{CE9FF13B-8AE0-4383-A066-04186606EABD}.Debug|x86.Build.0 = Debug|Any CPU
		{CE9FF13B-8AE0-4383-A066-04186606EABD}.Release|Any CPU.ActiveCfg = Release|Any CPU
		{CE9FF13B-8AE0-4383-A066-04186606EABD}.Release|Any CPU.Build.0 = Release|Any CPU
		{CE9FF13B-8AE0-4383-A066-04186606EABD}.Release|x64.ActiveCfg = Release|Any CPU
		{CE9FF13B-8AE0-4383-A066-04186606EABD}.Release|x64.Build.0 = Release|Any CPU
		{CE9FF13B-8AE0-4383-A066-04186606EABD}.Release|x86.ActiveCfg = Release|Any CPU
		{CE9FF13B-8AE0-4383-A066-04186606EABD}.Release|x86.Build.0 = Release|Any CPU
		{3595273C-DDE9-420E-82B2-D31FF01A6C11}.Debug|Any CPU.ActiveCfg = Debug|Any CPU
		{3595273C-DDE9-420E-82B2-D31FF01A6C11}.Debug|Any CPU.Build.0 = Debug|Any CPU
		{3595273C-DDE9-420E-82B2-D31FF01A6C11}.Debug|x64.ActiveCfg = Debug|Any CPU
		{3595273C-DDE9-420E-82B2-D31FF01A6C11}.Debug|x64.Build.0 = Debug|Any CPU
		{3595273C-DDE9-420E-82B2-D31FF01A6C11}.Debug|x86.ActiveCfg = Debug|Any CPU
		{3595273C-DDE9-420E-82B2-D31FF01A6C11}.Debug|x86.Build.0 = Debug|Any CPU
		{3595273C-DDE9-420E-82B2-D31FF01A6C11}.Release|Any CPU.ActiveCfg = Release|Any CPU
		{3595273C-DDE9-420E-82B2-D31FF01A6C11}.Release|Any CPU.Build.0 = Release|Any CPU
		{3595273C-DDE9-420E-82B2-D31FF01A6C11}.Release|x64.ActiveCfg = Release|Any CPU
		{3595273C-DDE9-420E-82B2-D31FF01A6C11}.Release|x64.Build.0 = Release|Any CPU
		{3595273C-DDE9-420E-82B2-D31FF01A6C11}.Release|x86.ActiveCfg = Release|Any CPU
		{3595273C-DDE9-420E-82B2-D31FF01A6C11}.Release|x86.Build.0 = Release|Any CPU
		{BBBF3CC4-61EA-4B0E-BA00-AD1B01AB8952}.Debug|Any CPU.ActiveCfg = Debug|Any CPU
		{BBBF3CC4-61EA-4B0E-BA00-AD1B01AB8952}.Debug|Any CPU.Build.0 = Debug|Any CPU
		{BBBF3CC4-61EA-4B0E-BA00-AD1B01AB8952}.Debug|x64.ActiveCfg = Debug|Any CPU
		{BBBF3CC4-61EA-4B0E-BA00-AD1B01AB8952}.Debug|x64.Build.0 = Debug|Any CPU
		{BBBF3CC4-61EA-4B0E-BA00-AD1B01AB8952}.Debug|x86.ActiveCfg = Debug|Any CPU
		{BBBF3CC4-61EA-4B0E-BA00-AD1B01AB8952}.Debug|x86.Build.0 = Debug|Any CPU
		{BBBF3CC4-61EA-4B0E-BA00-AD1B01AB8952}.Release|Any CPU.ActiveCfg = Release|Any CPU
		{BBBF3CC4-61EA-4B0E-BA00-AD1B01AB8952}.Release|Any CPU.Build.0 = Release|Any CPU
		{BBBF3CC4-61EA-4B0E-BA00-AD1B01AB8952}.Release|x64.ActiveCfg = Release|Any CPU
		{BBBF3CC4-61EA-4B0E-BA00-AD1B01AB8952}.Release|x64.Build.0 = Release|Any CPU
		{BBBF3CC4-61EA-4B0E-BA00-AD1B01AB8952}.Release|x86.ActiveCfg = Release|Any CPU
		{BBBF3CC4-61EA-4B0E-BA00-AD1B01AB8952}.Release|x86.Build.0 = Release|Any CPU
		{5B55EEDE-C91A-40B3-87F4-DDF9D45EC4FA}.Debug|Any CPU.ActiveCfg = Debug|Any CPU
		{5B55EEDE-C91A-40B3-87F4-DDF9D45EC4FA}.Debug|Any CPU.Build.0 = Debug|Any CPU
		{5B55EEDE-C91A-40B3-87F4-DDF9D45EC4FA}.Debug|x64.ActiveCfg = Debug|Any CPU
		{5B55EEDE-C91A-40B3-87F4-DDF9D45EC4FA}.Debug|x64.Build.0 = Debug|Any CPU
		{5B55EEDE-C91A-40B3-87F4-DDF9D45EC4FA}.Debug|x86.ActiveCfg = Debug|Any CPU
		{5B55EEDE-C91A-40B3-87F4-DDF9D45EC4FA}.Debug|x86.Build.0 = Debug|Any CPU
		{5B55EEDE-C91A-40B3-87F4-DDF9D45EC4FA}.Release|Any CPU.ActiveCfg = Release|Any CPU
		{5B55EEDE-C91A-40B3-87F4-DDF9D45EC4FA}.Release|Any CPU.Build.0 = Release|Any CPU
		{5B55EEDE-C91A-40B3-87F4-DDF9D45EC4FA}.Release|x64.ActiveCfg = Release|Any CPU
		{5B55EEDE-C91A-40B3-87F4-DDF9D45EC4FA}.Release|x64.Build.0 = Release|Any CPU
		{5B55EEDE-C91A-40B3-87F4-DDF9D45EC4FA}.Release|x86.ActiveCfg = Release|Any CPU
		{5B55EEDE-C91A-40B3-87F4-DDF9D45EC4FA}.Release|x86.Build.0 = Release|Any CPU
		{9F204BFB-9B32-4E0F-ABCF-2C9B7C6FB7A1}.Debug|Any CPU.ActiveCfg = Debug|Any CPU
		{9F204BFB-9B32-4E0F-ABCF-2C9B7C6FB7A1}.Debug|Any CPU.Build.0 = Debug|Any CPU
		{9F204BFB-9B32-4E0F-ABCF-2C9B7C6FB7A1}.Debug|x64.ActiveCfg = Debug|Any CPU
		{9F204BFB-9B32-4E0F-ABCF-2C9B7C6FB7A1}.Debug|x64.Build.0 = Debug|Any CPU
		{9F204BFB-9B32-4E0F-ABCF-2C9B7C6FB7A1}.Debug|x86.ActiveCfg = Debug|Any CPU
		{9F204BFB-9B32-4E0F-ABCF-2C9B7C6FB7A1}.Debug|x86.Build.0 = Debug|Any CPU
		{9F204BFB-9B32-4E0F-ABCF-2C9B7C6FB7A1}.Release|Any CPU.ActiveCfg = Release|Any CPU
		{9F204BFB-9B32-4E0F-ABCF-2C9B7C6FB7A1}.Release|Any CPU.Build.0 = Release|Any CPU
		{9F204BFB-9B32-4E0F-ABCF-2C9B7C6FB7A1}.Release|x64.ActiveCfg = Release|Any CPU
		{9F204BFB-9B32-4E0F-ABCF-2C9B7C6FB7A1}.Release|x64.Build.0 = Release|Any CPU
		{9F204BFB-9B32-4E0F-ABCF-2C9B7C6FB7A1}.Release|x86.ActiveCfg = Release|Any CPU
		{9F204BFB-9B32-4E0F-ABCF-2C9B7C6FB7A1}.Release|x86.Build.0 = Release|Any CPU
	EndGlobalSection
	GlobalSection(SolutionProperties) = preSolution
		HideSolutionNode = FALSE
	EndGlobalSection
	GlobalSection(NestedProjects) = preSolution
		{11111111-1111-1111-1111-111111111111} = {A1B2C3D4-0001-0001-0001-000000000001}
		{22222222-2222-2222-2222-222222222201} = {A1B2C3D4-0002-0002-0002-000000000002}
		{22222222-2222-2222-2222-222222222202} = {A1B2C3D4-0002-0002-0002-000000000002}
		{22222222-2222-2222-2222-222222222203} = {A1B2C3D4-0002-0002-0002-000000000002}
		{22222222-2222-2222-2222-222222222204} = {A1B2C3D4-0002-0002-0002-000000000002}
		{22222222-2222-2222-2222-222222222205} = {A1B2C3D4-0002-0002-0002-000000000002}
		{33333333-3333-3333-3333-333333333301} = {A1B2C3D4-0003-0003-0003-000000000003}
		{33333333-3333-3333-3333-333333333302} = {A1B2C3D4-0003-0003-0003-000000000003}
		{33333333-3333-3333-3333-333333333303} = {A1B2C3D4-0003-0003-0003-000000000003}
		{33333333-3333-3333-3333-333333333304} = {A1B2C3D4-0003-0003-0003-000000000003}
		{33333333-3333-3333-3333-333333333305} = {A1B2C3D4-0003-0003-0003-000000000003}
		{33333333-3333-3333-3333-333333333306} = {A1B2C3D4-0003-0003-0003-000000000003}
		{33333333-3333-3333-3333-333333333307} = {A1B2C3D4-0003-0003-0003-000000000003}
		{33333333-3333-3333-3333-333333333308} = {A1B2C3D4-0003-0003-0003-000000000003}
		{33333333-3333-3333-3333-333333333309} = {A1B2C3D4-0003-0003-0003-000000000003}
		{33333333-3333-3333-3333-333333333310} = {A1B2C3D4-0003-0003-0003-000000000003}
		{33333333-3333-3333-3333-333333333311} = {A1B2C3D4-0003-0003-0003-000000000003}
		{33333333-3333-3333-3333-333333333312} = {A1B2C3D4-0003-0003-0003-000000000003}
		{33333333-3333-3333-3333-333333333313} = {A1B2C3D4-0003-0003-0003-000000000003}
		{33333333-3333-3333-3333-333333333314} = {A1B2C3D4-0003-0003-0003-000000000003}
		{66666666-6666-6666-6666-666666666601} = {2EEA7C31-C98C-442D-AC5B-B9C26EFD94D9}
		{55555555-5555-5555-5555-555555555501} = {2EEA7C31-C98C-442D-AC5B-B9C26EFD94D9}
		{44444444-4444-4444-4444-444444444401} = {A1B2C3D4-0004-0004-0004-000000000004}
		{C99C59F0-36FA-4DA3-86F7-5E99B401906A} = {A1B2C3D4-0004-0004-0004-000000000004}
		{7DBEFAB9-31FB-4507-93AB-FFF1AC6B0C8B} = {A1B2C3D4-0002-0002-0002-000000000002}
		{10D92370-B012-4191-8738-9783836519E3} = {A1B2C3D4-0003-0003-0003-000000000003}
		{8C5BB737-36FC-409A-83FE-7041A963AAA5} = {2EEA7C31-C98C-442D-AC5B-B9C26EFD94D9}
		{34818C53-2F90-4DB5-8656-8DF83831ADC3} = {2EEA7C31-C98C-442D-AC5B-B9C26EFD94D9}
		{9491E6A1-1E6C-41EF-A97E-4527A3DD4B6E} = {D549AAE1-90A9-4697-A28A-58ADE1BD4987}
		{A694406C-DA62-4864-8564-1C39E2DBAA69} = {D549AAE1-90A9-4697-A28A-58ADE1BD4987}
		{6F73183B-C7F1-4AA3-AAA5-7C9588E505BC} = {D549AAE1-90A9-4697-A28A-58ADE1BD4987}
		{EB890EE9-8200-47E8-9B16-4FC07FA025C6} = {D549AAE1-90A9-4697-A28A-58ADE1BD4987}
		{5E2B8FBA-65D8-47B2-B64C-DA6B5B2D9DF8} = {A1B2C3D4-0002-0002-0002-000000000002}
		{F0A650F7-6BF0-464A-80C9-3CA9BF2C4059} = {A1B2C3D4-0002-0002-0002-000000000002}
		{08309385-8850-42D1-A657-7478A2805B0F} = {A1B2C3D4-0002-0002-0002-000000000002}
		{D549AAE1-90A9-4697-A28A-58ADE1BD4987} = {A1B2C3D4-0002-0002-0002-000000000002}
		{94431BDA-8EF7-4F7A-B341-A81981F827A8} = {A1B2C3D4-0002-0002-0002-000000000002}
		{F164C82C-B0D8-408A-B805-434A237B19E1} = {A1B2C3D4-0002-0002-0002-000000000002}
		{6A648482-3064-4581-8D67-BA7078D50E85} = {A1B2C3D4-0002-0002-0002-000000000002}
		{ACB889A0-C758-4A8E-ADBE-D7B04D6F30D0} = {A1B2C3D4-0002-0002-0002-000000000002}
		{8BF9048C-2953-44FA-9F83-55EEA519538A} = {A1B2C3D4-0002-0002-0002-000000000002}
		{17AA4F90-1225-4729-ADF2-5B3B7BF92D2B} = {FA8A28C8-4B59-8028-2ACF-626D05B08DB7}
		{C8CCDC99-F59B-4AA3-8E2F-123D2B29FE83} = {A1B2C3D4-0002-0002-0002-000000000002}
		{CA16AB00-411D-411C-9E97-0C048A8EB0A0} = {827E0CD3-B72D-47B6-A68D-7590B98EB39B}
		{958433EB-2F4F-4FD1-9698-9BDD6F01BFA0} = {827E0CD3-B72D-47B6-A68D-7590B98EB39B}
		{7B1FD8BE-BE71-4B55-9AFF-A93FDFB6EF50} = {827E0CD3-B72D-47B6-A68D-7590B98EB39B}
		{E18A4871-7D72-472B-96DF-C0185CBB150F} = {827E0CD3-B72D-47B6-A68D-7590B98EB39B}
		{2BC1AFF2-2E8C-49D9-9FD5-C36939D0350F} = {827E0CD3-B72D-47B6-A68D-7590B98EB39B}
		{58352584-C599-490C-AE4E-F3AD538F1A06} = {827E0CD3-B72D-47B6-A68D-7590B98EB39B}
		{DEFA5F05-4D7F-434B-98C6-1210F7A5443C} = {827E0CD3-B72D-47B6-A68D-7590B98EB39B}
		{AAADC42B-14D0-47F5-9B55-171BFE045849} = {A1B2C3D4-0002-0002-0002-000000000002}
		{973CCA37-9191-49AC-BF2F-E07D1FD5FE86} = {A1B2C3D4-0002-0002-0002-000000000002}
		{46D57930-BC49-4379-9B47-0DB90D081689} = {A1B2C3D4-0002-0002-0002-000000000002}
		{B7C6FB46-A749-45AB-8722-371F6957C10B} = {A1B2C3D4-0002-0002-0002-000000000002}
		{3BDB42B0-9DBD-4F34-9769-6740E2FA5AA9} = {A1B2C3D4-0002-0002-0002-000000000002}
		{58745747-4126-4C1F-B950-8B9682D33308} = {A1B2C3D4-0002-0002-0002-000000000002}
		{25D173C7-F4DD-407E-B6D5-3CF9610D1573} = {A1B2C3D4-0002-0002-0002-000000000002}
		{4C612CA9-DF66-4AD2-9C1F-8C8964A803E5} = {A1B2C3D4-0002-0002-0002-000000000002}
		{4764B6F4-969E-4788-A76B-CEC9A1820935} = {A1B2C3D4-0002-0002-0002-000000000002}
		{7AA776FE-58E1-42BE-BB29-9CBD081AA3C4} = {A1B2C3D4-0002-0002-0002-000000000002}
		{DF737416-43D9-48A3-B9FC-F6B87AEBC082} = {A1B2C3D4-0002-0002-0002-000000000002}
		{8857F05B-EA67-454B-97CC-9FD8DA33102C} = {A1B2C3D4-0004-0004-0004-000000000004}
		{4CA685E6-174F-44CD-BF7C-B86883F3D879} = {A1B2C3D4-0004-0004-0004-000000000004}
		{5CCC045A-E45A-4845-B891-E7459CCD85BB} = {A1B2C3D4-0004-0004-0004-000000000004}
		{7E761BBE-2A67-4773-8CF1-15A56BC63113} = {A1B2C3D4-0004-0004-0004-000000000004}
		{6D1AA76E-42C9-45AF-8D67-2BDF4D511B88} = {A1B2C3D4-0004-0004-0004-000000000004}
		{39BC54B3-0244-4BA6-BD79-45A587BE81AC} = {A1B2C3D4-0004-0004-0004-000000000004}
		{9B243D34-9A3F-4C55-AA79-66197A2B6851} = {A1B2C3D4-0004-0004-0004-000000000004}
		{4780C976-7ECC-43A6-B6E2-AF85EB96473B} = {A1B2C3D4-0004-0004-0004-000000000004}
		{FA536132-2632-4FB7-89B1-353459AC2DFB} = {A1B2C3D4-0004-0004-0004-000000000004}
		{CE9FF13B-8AE0-4383-A066-04186606EABD} = {A1B2C3D4-0004-0004-0004-000000000004}
		{3595273C-DDE9-420E-82B2-D31FF01A6C11} = {A1B2C3D4-0004-0004-0004-000000000004}
		{BBBF3CC4-61EA-4B0E-BA00-AD1B01AB8952} = {A1B2C3D4-0004-0004-0004-000000000004}
		{5B55EEDE-C91A-40B3-87F4-DDF9D45EC4FA} = {A1B2C3D4-0004-0004-0004-000000000004}
		{9F204BFB-9B32-4E0F-ABCF-2C9B7C6FB7A1} = {A1B2C3D4-0004-0004-0004-000000000004}
	EndGlobalSection
EndGlobal
